// !$*UTF8*$!
{
	archiveVersion = 1;
	classes = {
	};
	objectVersion = 46;
	objects = {

/* Begin PBXBuildFile section */
		8E1635A91E6A0B9C0060CE27 /* SirenTests.swift in Sources */ = {isa = PBXBuildFile; fileRef = 8EE6C74C1E6A0AE100DBE454 /* SirenTests.swift */; };
		8EACA9711F380294003134CA /* LaunchScreen.xib in Resources */ = {isa = PBXBuildFile; fileRef = 8EACA9671F37F2D3003134CA /* LaunchScreen.xib */; };
		8EACA9721F380294003134CA /* Main.storyboard in Resources */ = {isa = PBXBuildFile; fileRef = 8EACA9691F37F2D3003134CA /* Main.storyboard */; };
		8EACA9731F380294003134CA /* Images.xcassets in Resources */ = {isa = PBXBuildFile; fileRef = 8EACA96B1F37F2D3003134CA /* Images.xcassets */; };
		8EACA9741F38029B003134CA /* AppDelegate.swift in Sources */ = {isa = PBXBuildFile; fileRef = 8EACA9661F37F2D3003134CA /* AppDelegate.swift */; };
		8EACA9751F38029B003134CA /* ViewController.swift in Sources */ = {isa = PBXBuildFile; fileRef = 8EACA96D1F37F2D3003134CA /* ViewController.swift */; };
		8EF9F879224EACB200B20545 /* APIManager.swift in Sources */ = {isa = PBXBuildFile; fileRef = 8EF9F861224EACB100B20545 /* APIManager.swift */; };
		8EF9F87A224EACB200B20545 /* RulesManager.swift in Sources */ = {isa = PBXBuildFile; fileRef = 8EF9F862224EACB100B20545 /* RulesManager.swift */; };
		8EF9F87B224EACB200B20545 /* PresentationManager.swift in Sources */ = {isa = PBXBuildFile; fileRef = 8EF9F863224EACB100B20545 /* PresentationManager.swift */; };
		8EF9F87C224EACB200B20545 /* AlertAction.swift in Sources */ = {isa = PBXBuildFile; fileRef = 8EF9F865224EACB100B20545 /* AlertAction.swift */; };
		8EF9F87D224EACB200B20545 /* AlertConstants.swift in Sources */ = {isa = PBXBuildFile; fileRef = 8EF9F866224EACB100B20545 /* AlertConstants.swift */; };
		8EF9F87E224EACB200B20545 /* Localization.swift in Sources */ = {isa = PBXBuildFile; fileRef = 8EF9F867224EACB100B20545 /* Localization.swift */; };
		8EF9F87F224EACB200B20545 /* Model.swift in Sources */ = {isa = PBXBuildFile; fileRef = 8EF9F868224EACB100B20545 /* Model.swift */; };
		8EF9F880224EACB200B20545 /* APIModel.swift in Sources */ = {isa = PBXBuildFile; fileRef = 8EF9F869224EACB100B20545 /* APIModel.swift */; };
		8EF9F881224EACB200B20545 /* Rules.swift in Sources */ = {isa = PBXBuildFile; fileRef = 8EF9F86A224EACB100B20545 /* Rules.swift */; };
		8EF9F882224EACB200B20545 /* PerformCheck.swift in Sources */ = {isa = PBXBuildFile; fileRef = 8EF9F86B224EACB100B20545 /* PerformCheck.swift */; };
		8EF9F883224EACB200B20545 /* UpdateResults.swift in Sources */ = {isa = PBXBuildFile; fileRef = 8EF9F86C224EACB100B20545 /* UpdateResults.swift */; };
		8EF9F884224EACB200B20545 /* Siren.swift in Sources */ = {isa = PBXBuildFile; fileRef = 8EF9F86D224EACB100B20545 /* Siren.swift */; };
		8EF9F885224EACB200B20545 /* UIAlertControllerExtension.swift in Sources */ = {isa = PBXBuildFile; fileRef = 8EF9F86F224EACB100B20545 /* UIAlertControllerExtension.swift */; };
		8EF9F886224EACB200B20545 /* BundleExtension.swift in Sources */ = {isa = PBXBuildFile; fileRef = 8EF9F870224EACB100B20545 /* BundleExtension.swift */; };
		8EF9F887224EACB200B20545 /* UserDefaultsExtension.swift in Sources */ = {isa = PBXBuildFile; fileRef = 8EF9F871224EACB100B20545 /* UserDefaultsExtension.swift */; };
		8EF9F888224EACB200B20545 /* DateExtension.swift in Sources */ = {isa = PBXBuildFile; fileRef = 8EF9F872224EACB100B20545 /* DateExtension.swift */; };
		8EF9F889224EACB200B20545 /* DataParser.swift in Sources */ = {isa = PBXBuildFile; fileRef = 8EF9F874224EACB200B20545 /* DataParser.swift */; };
		8EF9F88A224EACB200B20545 /* KnownError.swift in Sources */ = {isa = PBXBuildFile; fileRef = 8EF9F875224EACB200B20545 /* KnownError.swift */; };
		8EF9F88B224EACB200B20545 /* Siren.bundle in Resources */ = {isa = PBXBuildFile; fileRef = 8EF9F876224EACB200B20545 /* Siren.bundle */; };
		8EF9F88C224EACB200B20545 /* SirenViewController.swift in Sources */ = {isa = PBXBuildFile; fileRef = 8EF9F878224EACB200B20545 /* SirenViewController.swift */; };
		8EF9F88E224EB00100B20545 /* Siren.framework in Frameworks */ = {isa = PBXBuildFile; fileRef = 8EF9F853224EACA500B20545 /* Siren.framework */; };
		8EF9F88F224EB00100B20545 /* Siren.framework in Embed Frameworks */ = {isa = PBXBuildFile; fileRef = 8EF9F853224EACA500B20545 /* Siren.framework */; settings = {ATTRIBUTES = (CodeSignOnCopy, RemoveHeadersOnCopy, ); }; };
/* End PBXBuildFile section */

/* Begin PBXContainerItemProxy section */
		8E3A6C091D07CB6F00A8B7CF /* PBXContainerItemProxy */ = {
			isa = PBXContainerItemProxy;
			containerPortal = 8EC391791A58B465001C121E /* Project object */;
			proxyType = 1;
			remoteGlobalIDString = 8EC391801A58B465001C121E;
			remoteInfo = "Sample App";
		};
		8EF9F890224EB00100B20545 /* PBXContainerItemProxy */ = {
			isa = PBXContainerItemProxy;
			containerPortal = 8EC391791A58B465001C121E /* Project object */;
			proxyType = 1;
			remoteGlobalIDString = 8EF9F852224EACA500B20545;
			remoteInfo = Siren;
		};
/* End PBXContainerItemProxy section */

/* Begin PBXCopyFilesBuildPhase section */
		8EF9F892224EB00200B20545 /* Embed Frameworks */ = {
			isa = PBXCopyFilesBuildPhase;
			buildActionMask = 2147483647;
			dstPath = "";
			dstSubfolderSpec = 10;
			files = (
				8EF9F88F224EB00100B20545 /* Siren.framework in Embed Frameworks */,
			);
			name = "Embed Frameworks";
			runOnlyForDeploymentPostprocessing = 0;
		};
/* End PBXCopyFilesBuildPhase section */

/* Begin PBXFileReference section */
		55EC364A1E6BB98A00726F13 /* Info.plist */ = {isa = PBXFileReference; lastKnownFileType = text.plist.xml; name = Info.plist; path = ../../Siren/Info.plist; sourceTree = "<group>"; };
		8E3A6C041D07CB6F00A8B7CF /* Tests.xctest */ = {isa = PBXFileReference; explicitFileType = wrapper.cfbundle; includeInIndex = 0; path = Tests.xctest; sourceTree = BUILT_PRODUCTS_DIR; };
		8EACA9661F37F2D3003134CA /* AppDelegate.swift */ = {isa = PBXFileReference; lastKnownFileType = sourcecode.swift; path = AppDelegate.swift; sourceTree = "<group>"; };
		8EACA9681F37F2D3003134CA /* Base */ = {isa = PBXFileReference; lastKnownFileType = file.xib; name = Base; path = Base.lproj/LaunchScreen.xib; sourceTree = "<group>"; };
		8EACA96A1F37F2D3003134CA /* Base */ = {isa = PBXFileReference; lastKnownFileType = file.storyboard; name = Base; path = Base.lproj/Main.storyboard; sourceTree = "<group>"; };
		8EACA96B1F37F2D3003134CA /* Images.xcassets */ = {isa = PBXFileReference; lastKnownFileType = folder.assetcatalog; path = Images.xcassets; sourceTree = "<group>"; };
		8EACA96C1F37F2D3003134CA /* Info.plist */ = {isa = PBXFileReference; lastKnownFileType = text.plist.xml; path = Info.plist; sourceTree = "<group>"; };
		8EACA96D1F37F2D3003134CA /* ViewController.swift */ = {isa = PBXFileReference; lastKnownFileType = sourcecode.swift; path = ViewController.swift; sourceTree = "<group>"; };
		8EC391811A58B465001C121E /* Example.app */ = {isa = PBXFileReference; explicitFileType = wrapper.application; includeInIndex = 0; path = Example.app; sourceTree = BUILT_PRODUCTS_DIR; };
		8EE6C74B1E6A0AE100DBE454 /* Info.plist */ = {isa = PBXFileReference; fileEncoding = 4; lastKnownFileType = text.plist.xml; path = Info.plist; sourceTree = "<group>"; };
		8EE6C74C1E6A0AE100DBE454 /* SirenTests.swift */ = {isa = PBXFileReference; fileEncoding = 4; lastKnownFileType = sourcecode.swift; path = SirenTests.swift; sourceTree = "<group>"; };
		8EF9F853224EACA500B20545 /* Siren.framework */ = {isa = PBXFileReference; explicitFileType = wrapper.framework; includeInIndex = 0; path = Siren.framework; sourceTree = BUILT_PRODUCTS_DIR; };
		8EF9F856224EACA500B20545 /* Info.plist */ = {isa = PBXFileReference; lastKnownFileType = text.plist.xml; path = Info.plist; sourceTree = "<group>"; };
		8EF9F861224EACB100B20545 /* APIManager.swift */ = {isa = PBXFileReference; fileEncoding = 4; lastKnownFileType = sourcecode.swift; path = APIManager.swift; sourceTree = "<group>"; };
		8EF9F862224EACB100B20545 /* RulesManager.swift */ = {isa = PBXFileReference; fileEncoding = 4; lastKnownFileType = sourcecode.swift; path = RulesManager.swift; sourceTree = "<group>"; };
		8EF9F863224EACB100B20545 /* PresentationManager.swift */ = {isa = PBXFileReference; fileEncoding = 4; lastKnownFileType = sourcecode.swift; path = PresentationManager.swift; sourceTree = "<group>"; };
		8EF9F865224EACB100B20545 /* AlertAction.swift */ = {isa = PBXFileReference; fileEncoding = 4; lastKnownFileType = sourcecode.swift; path = AlertAction.swift; sourceTree = "<group>"; };
		8EF9F866224EACB100B20545 /* AlertConstants.swift */ = {isa = PBXFileReference; fileEncoding = 4; lastKnownFileType = sourcecode.swift; path = AlertConstants.swift; sourceTree = "<group>"; };
		8EF9F867224EACB100B20545 /* Localization.swift */ = {isa = PBXFileReference; fileEncoding = 4; lastKnownFileType = sourcecode.swift; path = Localization.swift; sourceTree = "<group>"; };
		8EF9F868224EACB100B20545 /* Model.swift */ = {isa = PBXFileReference; fileEncoding = 4; lastKnownFileType = sourcecode.swift; path = Model.swift; sourceTree = "<group>"; };
		8EF9F869224EACB100B20545 /* APIModel.swift */ = {isa = PBXFileReference; fileEncoding = 4; lastKnownFileType = sourcecode.swift; path = APIModel.swift; sourceTree = "<group>"; };
		8EF9F86A224EACB100B20545 /* Rules.swift */ = {isa = PBXFileReference; fileEncoding = 4; lastKnownFileType = sourcecode.swift; path = Rules.swift; sourceTree = "<group>"; };
		8EF9F86B224EACB100B20545 /* PerformCheck.swift */ = {isa = PBXFileReference; fileEncoding = 4; lastKnownFileType = sourcecode.swift; path = PerformCheck.swift; sourceTree = "<group>"; };
		8EF9F86C224EACB100B20545 /* UpdateResults.swift */ = {isa = PBXFileReference; fileEncoding = 4; lastKnownFileType = sourcecode.swift; path = UpdateResults.swift; sourceTree = "<group>"; };
		8EF9F86D224EACB100B20545 /* Siren.swift */ = {isa = PBXFileReference; fileEncoding = 4; lastKnownFileType = sourcecode.swift; name = Siren.swift; path = ../../Sources/Siren.swift; sourceTree = "<group>"; };
		8EF9F86F224EACB100B20545 /* UIAlertControllerExtension.swift */ = {isa = PBXFileReference; fileEncoding = 4; lastKnownFileType = sourcecode.swift; path = UIAlertControllerExtension.swift; sourceTree = "<group>"; };
		8EF9F870224EACB100B20545 /* BundleExtension.swift */ = {isa = PBXFileReference; fileEncoding = 4; lastKnownFileType = sourcecode.swift; path = BundleExtension.swift; sourceTree = "<group>"; };
		8EF9F871224EACB100B20545 /* UserDefaultsExtension.swift */ = {isa = PBXFileReference; fileEncoding = 4; lastKnownFileType = sourcecode.swift; path = UserDefaultsExtension.swift; sourceTree = "<group>"; };
		8EF9F872224EACB100B20545 /* DateExtension.swift */ = {isa = PBXFileReference; fileEncoding = 4; lastKnownFileType = sourcecode.swift; path = DateExtension.swift; sourceTree = "<group>"; };
		8EF9F874224EACB200B20545 /* DataParser.swift */ = {isa = PBXFileReference; fileEncoding = 4; lastKnownFileType = sourcecode.swift; path = DataParser.swift; sourceTree = "<group>"; };
		8EF9F875224EACB200B20545 /* KnownError.swift */ = {isa = PBXFileReference; fileEncoding = 4; lastKnownFileType = sourcecode.swift; path = KnownError.swift; sourceTree = "<group>"; };
		8EF9F876224EACB200B20545 /* Siren.bundle */ = {isa = PBXFileReference; lastKnownFileType = "wrapper.plug-in"; name = Siren.bundle; path = ../../Sources/Siren.bundle; sourceTree = "<group>"; };
		8EF9F878224EACB200B20545 /* SirenViewController.swift */ = {isa = PBXFileReference; fileEncoding = 4; lastKnownFileType = sourcecode.swift; path = SirenViewController.swift; sourceTree = "<group>"; };
		8EF9F88D224EACBF00B20545 /* Siren.h */ = {isa = PBXFileReference; lastKnownFileType = sourcecode.c.h; path = Siren.h; sourceTree = "<group>"; };
/* End PBXFileReference section */

/* Begin PBXFrameworksBuildPhase section */
		8E3A6C011D07CB6F00A8B7CF /* Frameworks */ = {
			isa = PBXFrameworksBuildPhase;
			buildActionMask = 2147483647;
			files = (
			);
			runOnlyForDeploymentPostprocessing = 0;
		};
		8EC3917E1A58B465001C121E /* Frameworks */ = {
			isa = PBXFrameworksBuildPhase;
			buildActionMask = 2147483647;
			files = (
				8EF9F88E224EB00100B20545 /* Siren.framework in Frameworks */,
			);
			runOnlyForDeploymentPostprocessing = 0;
		};
		8EF9F850224EACA500B20545 /* Frameworks */ = {
			isa = PBXFrameworksBuildPhase;
			buildActionMask = 2147483647;
			files = (
			);
			runOnlyForDeploymentPostprocessing = 0;
		};
/* End PBXFrameworksBuildPhase section */

/* Begin PBXGroup section */
		8E641D2420C8B44B00908555 /* Frameworks */ = {
			isa = PBXGroup;
			children = (
			);
			name = Frameworks;
			sourceTree = "<group>";
		};
		8EACA9651F37F2D3003134CA /* Example */ = {
			isa = PBXGroup;
			children = (
				8EACA9661F37F2D3003134CA /* AppDelegate.swift */,
				8EACA96E1F37F2DD003134CA /* Supporting Files */,
			);
			path = Example;
			sourceTree = "<group>";
		};
		8EACA96E1F37F2DD003134CA /* Supporting Files */ = {
			isa = PBXGroup;
			children = (
				8EACA9671F37F2D3003134CA /* LaunchScreen.xib */,
				8EACA9691F37F2D3003134CA /* Main.storyboard */,
				8EACA96B1F37F2D3003134CA /* Images.xcassets */,
				8EACA96C1F37F2D3003134CA /* Info.plist */,
				8EACA96D1F37F2D3003134CA /* ViewController.swift */,
				55EC364A1E6BB98A00726F13 /* Info.plist */,
			);
			path = "Supporting Files";
			sourceTree = "<group>";
		};
		8EC391781A58B465001C121E = {
			isa = PBXGroup;
			children = (
				8EACA9651F37F2D3003134CA /* Example */,
				8EE6C74A1E6A0AE100DBE454 /* Tests */,
				8EF9F854224EACA500B20545 /* Siren */,
				8EC391821A58B465001C121E /* Products */,
				8E641D2420C8B44B00908555 /* Frameworks */,
			);
			sourceTree = "<group>";
		};
		8EC391821A58B465001C121E /* Products */ = {
			isa = PBXGroup;
			children = (
				8EC391811A58B465001C121E /* Example.app */,
				8E3A6C041D07CB6F00A8B7CF /* Tests.xctest */,
				8EF9F853224EACA500B20545 /* Siren.framework */,
			);
			name = Products;
			sourceTree = "<group>";
		};
		8EE6C74A1E6A0AE100DBE454 /* Tests */ = {
			isa = PBXGroup;
			children = (
				8EE6C74B1E6A0AE100DBE454 /* Info.plist */,
				8EE6C74C1E6A0AE100DBE454 /* SirenTests.swift */,
			);
			path = Tests;
			sourceTree = "<group>";
		};
		8EF9F854224EACA500B20545 /* Siren */ = {
			isa = PBXGroup;
			children = (
				8EF9F86D224EACB100B20545 /* Siren.swift */,
				8EF9F876224EACB200B20545 /* Siren.bundle */,
				8EF9F86E224EACB100B20545 /* Extensions */,
				8EF9F860224EACB100B20545 /* Managers */,
				8EF9F864224EACB100B20545 /* Models */,
				8EF9F873224EACB200B20545 /* Utilities */,
				8EF9F877224EACB200B20545 /* View Controllers */,
				8EF9F88D224EACBF00B20545 /* Siren.h */,
				8EF9F856224EACA500B20545 /* Info.plist */,
			);
			path = Siren;
			sourceTree = "<group>";
		};
		8EF9F860224EACB100B20545 /* Managers */ = {
			isa = PBXGroup;
			children = (
				8EF9F861224EACB100B20545 /* APIManager.swift */,
				8EF9F862224EACB100B20545 /* RulesManager.swift */,
				8EF9F863224EACB100B20545 /* PresentationManager.swift */,
			);
			name = Managers;
			path = ../../Sources/Managers;
			sourceTree = "<group>";
		};
		8EF9F864224EACB100B20545 /* Models */ = {
			isa = PBXGroup;
			children = (
				8EF9F865224EACB100B20545 /* AlertAction.swift */,
				8EF9F866224EACB100B20545 /* AlertConstants.swift */,
				8EF9F867224EACB100B20545 /* Localization.swift */,
				8EF9F868224EACB100B20545 /* Model.swift */,
				8EF9F869224EACB100B20545 /* APIModel.swift */,
				8EF9F86A224EACB100B20545 /* Rules.swift */,
				8EF9F86B224EACB100B20545 /* PerformCheck.swift */,
				8EF9F86C224EACB100B20545 /* UpdateResults.swift */,
			);
			name = Models;
			path = ../../Sources/Models;
			sourceTree = "<group>";
		};
		8EF9F86E224EACB100B20545 /* Extensions */ = {
			isa = PBXGroup;
			children = (
				8EF9F86F224EACB100B20545 /* UIAlertControllerExtension.swift */,
				8EF9F870224EACB100B20545 /* BundleExtension.swift */,
				8EF9F871224EACB100B20545 /* UserDefaultsExtension.swift */,
				8EF9F872224EACB100B20545 /* DateExtension.swift */,
			);
			name = Extensions;
			path = ../../Sources/Extensions;
			sourceTree = "<group>";
		};
		8EF9F873224EACB200B20545 /* Utilities */ = {
			isa = PBXGroup;
			children = (
				8EF9F874224EACB200B20545 /* DataParser.swift */,
				8EF9F875224EACB200B20545 /* KnownError.swift */,
			);
			name = Utilities;
			path = ../../Sources/Utilities;
			sourceTree = "<group>";
		};
		8EF9F877224EACB200B20545 /* View Controllers */ = {
			isa = PBXGroup;
			children = (
				8EF9F878224EACB200B20545 /* SirenViewController.swift */,
			);
			name = "View Controllers";
			path = "../../Sources/View Controllers";
			sourceTree = "<group>";
		};
/* End PBXGroup section */

/* Begin PBXHeadersBuildPhase section */
		8EF9F84E224EACA500B20545 /* Headers */ = {
			isa = PBXHeadersBuildPhase;
			buildActionMask = 2147483647;
			files = (
			);
			runOnlyForDeploymentPostprocessing = 0;
		};
/* End PBXHeadersBuildPhase section */

/* Begin PBXNativeTarget section */
		8E3A6C031D07CB6F00A8B7CF /* Tests */ = {
			isa = PBXNativeTarget;
			buildConfigurationList = 8E3A6C0D1D07CB6F00A8B7CF /* Build configuration list for PBXNativeTarget "Tests" */;
			buildPhases = (
				8E3A6C001D07CB6F00A8B7CF /* Sources */,
				8E3A6C011D07CB6F00A8B7CF /* Frameworks */,
				8E3A6C021D07CB6F00A8B7CF /* Resources */,
			);
			buildRules = (
			);
			dependencies = (
				8E3A6C0A1D07CB6F00A8B7CF /* PBXTargetDependency */,
			);
			name = Tests;
			productName = SirenTests;
			productReference = 8E3A6C041D07CB6F00A8B7CF /* Tests.xctest */;
			productType = "com.apple.product-type.bundle.unit-test";
		};
		8EC391801A58B465001C121E /* Example */ = {
			isa = PBXNativeTarget;
			buildConfigurationList = 8EC391A01A58B466001C121E /* Build configuration list for PBXNativeTarget "Example" */;
			buildPhases = (
				8EC3917D1A58B465001C121E /* Sources */,
				8EC3917E1A58B465001C121E /* Frameworks */,
				8EE3A3F81E6A0E470010BDCE /* SwiftLint */,
				8EC3917F1A58B465001C121E /* Resources */,
				8EF9F892224EB00200B20545 /* Embed Frameworks */,
			);
			buildRules = (
			);
			dependencies = (
				8EF9F891224EB00100B20545 /* PBXTargetDependency */,
			);
			name = Example;
			productName = Siren;
			productReference = 8EC391811A58B465001C121E /* Example.app */;
			productType = "com.apple.product-type.application";
		};
		8EF9F852224EACA500B20545 /* Siren */ = {
			isa = PBXNativeTarget;
			buildConfigurationList = 8EF9F85C224EACA500B20545 /* Build configuration list for PBXNativeTarget "Siren" */;
			buildPhases = (
				8EF9F84E224EACA500B20545 /* Headers */,
				8EF9F84F224EACA500B20545 /* Sources */,
				8EF9F850224EACA500B20545 /* Frameworks */,
				8EF9F851224EACA500B20545 /* Resources */,
			);
			buildRules = (
			);
			dependencies = (
			);
			name = Siren;
			productName = Siren;
			productReference = 8EF9F853224EACA500B20545 /* Siren.framework */;
			productType = "com.apple.product-type.framework";
		};
/* End PBXNativeTarget section */

/* Begin PBXProject section */
		8EC391791A58B465001C121E /* Project object */ = {
			isa = PBXProject;
			attributes = {
				LastSwiftMigration = 0700;
				LastSwiftUpdateCheck = 0730;
				LastUpgradeCheck = 1020;
				ORGANIZATIONNAME = "Sabintsev iOS Projects";
				TargetAttributes = {
					8E3A6C031D07CB6F00A8B7CF = {
						CreatedOnToolsVersion = 7.3.1;
						LastSwiftMigration = 1020;
						TestTargetID = 8EC391801A58B465001C121E;
					};
					8EC391801A58B465001C121E = {
						CreatedOnToolsVersion = 6.1.1;
						DevelopmentTeam = HT94948NDD;
						DevelopmentTeamName = "Arthur Sabintsev";
						LastSwiftMigration = 1020;
						SystemCapabilities = {
							com.apple.BackgroundModes = {
								enabled = 0;
							};
							com.apple.InAppPurchase = {
								enabled = 0;
							};
							com.apple.Push = {
								enabled = 0;
							};
						};
					};
					8EF9F852224EACA500B20545 = {
						CreatedOnToolsVersion = 10.2;
						DevelopmentTeam = HT94948NDD;
						LastSwiftMigration = 1020;
						ProvisioningStyle = Automatic;
					};
				};
			};
			buildConfigurationList = 8EC3917C1A58B465001C121E /* Build configuration list for PBXProject "Example" */;
			compatibilityVersion = "Xcode 3.2";
			developmentRegion = en;
			hasScannedForEncodings = 0;
			knownRegions = (
				en,
				Base,
			);
			mainGroup = 8EC391781A58B465001C121E;
			productRefGroup = 8EC391821A58B465001C121E /* Products */;
			projectDirPath = "";
			projectRoot = "";
			targets = (
				8EC391801A58B465001C121E /* Example */,
				8E3A6C031D07CB6F00A8B7CF /* Tests */,
				8EF9F852224EACA500B20545 /* Siren */,
			);
		};
/* End PBXProject section */

/* Begin PBXResourcesBuildPhase section */
		8E3A6C021D07CB6F00A8B7CF /* Resources */ = {
			isa = PBXResourcesBuildPhase;
			buildActionMask = 2147483647;
			files = (
			);
			runOnlyForDeploymentPostprocessing = 0;
		};
		8EC3917F1A58B465001C121E /* Resources */ = {
			isa = PBXResourcesBuildPhase;
			buildActionMask = 2147483647;
			files = (
				8EACA9711F380294003134CA /* LaunchScreen.xib in Resources */,
				8EACA9721F380294003134CA /* Main.storyboard in Resources */,
				8EACA9731F380294003134CA /* Images.xcassets in Resources */,
			);
			runOnlyForDeploymentPostprocessing = 0;
		};
		8EF9F851224EACA500B20545 /* Resources */ = {
			isa = PBXResourcesBuildPhase;
			buildActionMask = 2147483647;
			files = (
				8EF9F88B224EACB200B20545 /* Siren.bundle in Resources */,
			);
			runOnlyForDeploymentPostprocessing = 0;
		};
/* End PBXResourcesBuildPhase section */

/* Begin PBXShellScriptBuildPhase section */
		8EE3A3F81E6A0E470010BDCE /* SwiftLint */ = {
			isa = PBXShellScriptBuildPhase;
			buildActionMask = 2147483647;
			files = (
			);
			inputPaths = (
			);
			name = SwiftLint;
			outputPaths = (
			);
			runOnlyForDeploymentPostprocessing = 0;
			shellPath = /bin/sh;
			shellScript = "if which swiftlint >/dev/null; then\nswiftlint lint --config ../.swiftlint.yml\nelse\necho \"warning: SwiftLint not installed, download from https://github.com/realm/SwiftLint\"\nfi";
		};
/* End PBXShellScriptBuildPhase section */

/* Begin PBXSourcesBuildPhase section */
		8E3A6C001D07CB6F00A8B7CF /* Sources */ = {
			isa = PBXSourcesBuildPhase;
			buildActionMask = 2147483647;
			files = (
				8E1635A91E6A0B9C0060CE27 /* SirenTests.swift in Sources */,
			);
			runOnlyForDeploymentPostprocessing = 0;
		};
		8EC3917D1A58B465001C121E /* Sources */ = {
			isa = PBXSourcesBuildPhase;
			buildActionMask = 2147483647;
			files = (
				8EACA9741F38029B003134CA /* AppDelegate.swift in Sources */,
				8EACA9751F38029B003134CA /* ViewController.swift in Sources */,
			);
			runOnlyForDeploymentPostprocessing = 0;
		};
		8EF9F84F224EACA500B20545 /* Sources */ = {
			isa = PBXSourcesBuildPhase;
			buildActionMask = 2147483647;
			files = (
				8EF9F882224EACB200B20545 /* PerformCheck.swift in Sources */,
				8EF9F87F224EACB200B20545 /* Model.swift in Sources */,
				8EF9F885224EACB200B20545 /* UIAlertControllerExtension.swift in Sources */,
				8EF9F88C224EACB200B20545 /* SirenViewController.swift in Sources */,
				8EF9F886224EACB200B20545 /* BundleExtension.swift in Sources */,
				8EF9F87D224EACB200B20545 /* AlertConstants.swift in Sources */,
				8EF9F881224EACB200B20545 /* Rules.swift in Sources */,
				8EF9F889224EACB200B20545 /* DataParser.swift in Sources */,
				8EF9F879224EACB200B20545 /* APIManager.swift in Sources */,
				8EF9F87E224EACB200B20545 /* Localization.swift in Sources */,
				8EF9F880224EACB200B20545 /* APIModel.swift in Sources */,
				8EF9F888224EACB200B20545 /* DateExtension.swift in Sources */,
				8EF9F884224EACB200B20545 /* Siren.swift in Sources */,
				8EF9F887224EACB200B20545 /* UserDefaultsExtension.swift in Sources */,
				8EF9F87B224EACB200B20545 /* PresentationManager.swift in Sources */,
				8EF9F883224EACB200B20545 /* UpdateResults.swift in Sources */,
				8EF9F87C224EACB200B20545 /* AlertAction.swift in Sources */,
				8EF9F88A224EACB200B20545 /* KnownError.swift in Sources */,
				8EF9F87A224EACB200B20545 /* RulesManager.swift in Sources */,
			);
			runOnlyForDeploymentPostprocessing = 0;
		};
/* End PBXSourcesBuildPhase section */

/* Begin PBXTargetDependency section */
		8E3A6C0A1D07CB6F00A8B7CF /* PBXTargetDependency */ = {
			isa = PBXTargetDependency;
			target = 8EC391801A58B465001C121E /* Example */;
			targetProxy = 8E3A6C091D07CB6F00A8B7CF /* PBXContainerItemProxy */;
		};
		8EF9F891224EB00100B20545 /* PBXTargetDependency */ = {
			isa = PBXTargetDependency;
			target = 8EF9F852224EACA500B20545 /* Siren */;
			targetProxy = 8EF9F890224EB00100B20545 /* PBXContainerItemProxy */;
		};
/* End PBXTargetDependency section */

/* Begin PBXVariantGroup section */
		8EACA9671F37F2D3003134CA /* LaunchScreen.xib */ = {
			isa = PBXVariantGroup;
			children = (
				8EACA9681F37F2D3003134CA /* Base */,
			);
			name = LaunchScreen.xib;
			sourceTree = "<group>";
		};
		8EACA9691F37F2D3003134CA /* Main.storyboard */ = {
			isa = PBXVariantGroup;
			children = (
				8EACA96A1F37F2D3003134CA /* Base */,
			);
			name = Main.storyboard;
			sourceTree = "<group>";
		};
/* End PBXVariantGroup section */

/* Begin XCBuildConfiguration section */
		8E3A6C0B1D07CB6F00A8B7CF /* Debug */ = {
			isa = XCBuildConfiguration;
			buildSettings = {
				ALWAYS_EMBED_SWIFT_STANDARD_LIBRARIES = YES;
				BUNDLE_LOADER = "$(TEST_HOST)";
				CLANG_ANALYZER_NONNULL = YES;
				DEBUG_INFORMATION_FORMAT = dwarf;
				GCC_NO_COMMON_BLOCKS = YES;
				INFOPLIST_FILE = Tests/Info.plist;
				IPHONEOS_DEPLOYMENT_TARGET = 9.3;
				LD_RUNPATH_SEARCH_PATHS = "$(inherited) @executable_path/Frameworks @loader_path/Frameworks";
				PRODUCT_BUNDLE_IDENTIFIER = com.sabintsev.SirenTests;
				PRODUCT_NAME = "$(TARGET_NAME)";
				SWIFT_VERSION = 5.0;
				TEST_HOST = "$(BUILT_PRODUCTS_DIR)/Example.app/Example";
			};
			name = Debug;
		};
		8E3A6C0C1D07CB6F00A8B7CF /* Release */ = {
			isa = XCBuildConfiguration;
			buildSettings = {
				ALWAYS_EMBED_SWIFT_STANDARD_LIBRARIES = YES;
				BUNDLE_LOADER = "$(TEST_HOST)";
				CLANG_ANALYZER_NONNULL = YES;
				COPY_PHASE_STRIP = NO;
				DEBUG_INFORMATION_FORMAT = "dwarf-with-dsym";
				GCC_NO_COMMON_BLOCKS = YES;
				INFOPLIST_FILE = Tests/Info.plist;
				IPHONEOS_DEPLOYMENT_TARGET = 9.3;
				LD_RUNPATH_SEARCH_PATHS = "$(inherited) @executable_path/Frameworks @loader_path/Frameworks";
				PRODUCT_BUNDLE_IDENTIFIER = com.sabintsev.SirenTests;
				PRODUCT_NAME = "$(TARGET_NAME)";
				SWIFT_OPTIMIZATION_LEVEL = "-Owholemodule";
				SWIFT_VERSION = 5.0;
				TEST_HOST = "$(BUILT_PRODUCTS_DIR)/Example.app/Example";
			};
			name = Release;
		};
		8EC3919E1A58B466001C121E /* Debug */ = {
			isa = XCBuildConfiguration;
			buildSettings = {
				ALWAYS_SEARCH_USER_PATHS = NO;
				CLANG_CXX_LANGUAGE_STANDARD = "gnu++0x";
				CLANG_CXX_LIBRARY = "libc++";
				CLANG_ENABLE_MODULES = YES;
				CLANG_ENABLE_OBJC_ARC = YES;
				CLANG_WARN_BLOCK_CAPTURE_AUTORELEASING = YES;
				CLANG_WARN_BOOL_CONVERSION = YES;
				CLANG_WARN_COMMA = YES;
				CLANG_WARN_CONSTANT_CONVERSION = YES;
				CLANG_WARN_DEPRECATED_OBJC_IMPLEMENTATIONS = YES;
				CLANG_WARN_DIRECT_OBJC_ISA_USAGE = YES_ERROR;
				CLANG_WARN_EMPTY_BODY = YES;
				CLANG_WARN_ENUM_CONVERSION = YES;
				CLANG_WARN_INFINITE_RECURSION = YES;
				CLANG_WARN_INT_CONVERSION = YES;
				CLANG_WARN_NON_LITERAL_NULL_CONVERSION = YES;
				CLANG_WARN_OBJC_IMPLICIT_RETAIN_SELF = YES;
				CLANG_WARN_OBJC_LITERAL_CONVERSION = YES;
				CLANG_WARN_OBJC_ROOT_CLASS = YES_ERROR;
				CLANG_WARN_RANGE_LOOP_ANALYSIS = YES;
				CLANG_WARN_STRICT_PROTOTYPES = YES;
				CLANG_WARN_SUSPICIOUS_MOVE = YES;
				CLANG_WARN_UNREACHABLE_CODE = YES;
				CLANG_WARN__DUPLICATE_METHOD_MATCH = YES;
				"CODE_SIGN_IDENTITY[sdk=iphoneos*]" = "iPhone Developer";
				COPY_PHASE_STRIP = NO;
				ENABLE_STRICT_OBJC_MSGSEND = YES;
				ENABLE_TESTABILITY = YES;
				GCC_C_LANGUAGE_STANDARD = gnu99;
				GCC_DYNAMIC_NO_PIC = NO;
				GCC_NO_COMMON_BLOCKS = YES;
				GCC_OPTIMIZATION_LEVEL = 0;
				GCC_PREPROCESSOR_DEFINITIONS = (
					"DEBUG=1",
					"$(inherited)",
				);
				GCC_SYMBOLS_PRIVATE_EXTERN = NO;
				GCC_WARN_64_TO_32_BIT_CONVERSION = YES;
				GCC_WARN_ABOUT_RETURN_TYPE = YES_ERROR;
				GCC_WARN_UNDECLARED_SELECTOR = YES;
				GCC_WARN_UNINITIALIZED_AUTOS = YES_AGGRESSIVE;
				GCC_WARN_UNUSED_FUNCTION = YES;
				GCC_WARN_UNUSED_VARIABLE = YES;
				IPHONEOS_DEPLOYMENT_TARGET = 8.0;
				MTL_ENABLE_DEBUG_INFO = YES;
				ONLY_ACTIVE_ARCH = YES;
				SDKROOT = iphoneos;
				SWIFT_OPTIMIZATION_LEVEL = "-Onone";
				SWIFT_VERSION = 4.2;
			};
			name = Debug;
		};
		8EC3919F1A58B466001C121E /* Release */ = {
			isa = XCBuildConfiguration;
			buildSettings = {
				ALWAYS_SEARCH_USER_PATHS = NO;
				CLANG_CXX_LANGUAGE_STANDARD = "gnu++0x";
				CLANG_CXX_LIBRARY = "libc++";
				CLANG_ENABLE_MODULES = YES;
				CLANG_ENABLE_OBJC_ARC = YES;
				CLANG_WARN_BLOCK_CAPTURE_AUTORELEASING = YES;
				CLANG_WARN_BOOL_CONVERSION = YES;
				CLANG_WARN_COMMA = YES;
				CLANG_WARN_CONSTANT_CONVERSION = YES;
				CLANG_WARN_DEPRECATED_OBJC_IMPLEMENTATIONS = YES;
				CLANG_WARN_DIRECT_OBJC_ISA_USAGE = YES_ERROR;
				CLANG_WARN_EMPTY_BODY = YES;
				CLANG_WARN_ENUM_CONVERSION = YES;
				CLANG_WARN_INFINITE_RECURSION = YES;
				CLANG_WARN_INT_CONVERSION = YES;
				CLANG_WARN_NON_LITERAL_NULL_CONVERSION = YES;
				CLANG_WARN_OBJC_IMPLICIT_RETAIN_SELF = YES;
				CLANG_WARN_OBJC_LITERAL_CONVERSION = YES;
				CLANG_WARN_OBJC_ROOT_CLASS = YES_ERROR;
				CLANG_WARN_RANGE_LOOP_ANALYSIS = YES;
				CLANG_WARN_STRICT_PROTOTYPES = YES;
				CLANG_WARN_SUSPICIOUS_MOVE = YES;
				CLANG_WARN_UNREACHABLE_CODE = YES;
				CLANG_WARN__DUPLICATE_METHOD_MATCH = YES;
				"CODE_SIGN_IDENTITY[sdk=iphoneos*]" = "iPhone Developer";
				COPY_PHASE_STRIP = YES;
				ENABLE_NS_ASSERTIONS = NO;
				ENABLE_STRICT_OBJC_MSGSEND = YES;
				GCC_C_LANGUAGE_STANDARD = gnu99;
				GCC_NO_COMMON_BLOCKS = YES;
				GCC_WARN_64_TO_32_BIT_CONVERSION = YES;
				GCC_WARN_ABOUT_RETURN_TYPE = YES_ERROR;
				GCC_WARN_UNDECLARED_SELECTOR = YES;
				GCC_WARN_UNINITIALIZED_AUTOS = YES_AGGRESSIVE;
				GCC_WARN_UNUSED_FUNCTION = YES;
				GCC_WARN_UNUSED_VARIABLE = YES;
				IPHONEOS_DEPLOYMENT_TARGET = 8.0;
				MTL_ENABLE_DEBUG_INFO = NO;
				SDKROOT = iphoneos;
				SWIFT_VERSION = 4.2;
				VALIDATE_PRODUCT = YES;
			};
			name = Release;
		};
		8EC391A11A58B466001C121E /* Debug */ = {
			isa = XCBuildConfiguration;
			buildSettings = {
				ALWAYS_EMBED_SWIFT_STANDARD_LIBRARIES = YES;
				ASSETCATALOG_COMPILER_APPICON_NAME = AppIcon;
				CODE_SIGN_IDENTITY = "iPhone Developer";
				DEVELOPMENT_TEAM = HT94948NDD;
				INFOPLIST_FILE = "$(SRCROOT)/Siren/Info.plist";
				IPHONEOS_DEPLOYMENT_TARGET = 8.0;
				LD_RUNPATH_SEARCH_PATHS = "$(inherited) @executable_path/Frameworks";
				PRODUCT_BUNDLE_IDENTIFIER = com.apple.AppStoreConnect;
				PRODUCT_NAME = Example;
				SWIFT_VERSION = 5.0;
			};
			name = Debug;
		};
		8EC391A21A58B466001C121E /* Release */ = {
			isa = XCBuildConfiguration;
			buildSettings = {
				ALWAYS_EMBED_SWIFT_STANDARD_LIBRARIES = YES;
				ASSETCATALOG_COMPILER_APPICON_NAME = AppIcon;
				CODE_SIGN_IDENTITY = "iPhone Developer";
				DEVELOPMENT_TEAM = HT94948NDD;
				INFOPLIST_FILE = "$(SRCROOT)/Siren/Info.plist";
				IPHONEOS_DEPLOYMENT_TARGET = 8.0;
				LD_RUNPATH_SEARCH_PATHS = "$(inherited) @executable_path/Frameworks";
				PRODUCT_BUNDLE_IDENTIFIER = com.apple.AppStoreConnect;
				PRODUCT_NAME = Example;
				SWIFT_OPTIMIZATION_LEVEL = "-Owholemodule";
				SWIFT_VERSION = 5.0;
			};
			name = Release;
		};
		8EF9F85D224EACA500B20545 /* Debug */ = {
			isa = XCBuildConfiguration;
			buildSettings = {
				CLANG_ANALYZER_NONNULL = YES;
				CLANG_ANALYZER_NUMBER_OBJECT_CONVERSION = YES_AGGRESSIVE;
				CLANG_CXX_LANGUAGE_STANDARD = "gnu++14";
				CLANG_ENABLE_MODULES = YES;
				CLANG_ENABLE_OBJC_WEAK = YES;
				CLANG_WARN_DOCUMENTATION_COMMENTS = YES;
				CLANG_WARN_UNGUARDED_AVAILABILITY = YES_AGGRESSIVE;
				CODE_SIGN_IDENTITY = "";
				CODE_SIGN_STYLE = Automatic;
				CURRENT_PROJECT_VERSION = 1;
				DEBUG_INFORMATION_FORMAT = dwarf;
				DEFINES_MODULE = YES;
				DEVELOPMENT_TEAM = HT94948NDD;
				DYLIB_COMPATIBILITY_VERSION = 1;
				DYLIB_CURRENT_VERSION = 1;
				DYLIB_INSTALL_NAME_BASE = "@rpath";
				GCC_C_LANGUAGE_STANDARD = gnu11;
				INFOPLIST_FILE = Siren/Info.plist;
				INSTALL_PATH = "$(LOCAL_LIBRARY_DIR)/Frameworks";
				IPHONEOS_DEPLOYMENT_TARGET = 8.0;
				LD_RUNPATH_SEARCH_PATHS = "$(inherited) @executable_path/Frameworks @loader_path/Frameworks";
				MTL_ENABLE_DEBUG_INFO = INCLUDE_SOURCE;
				MTL_FAST_MATH = YES;
				PRODUCT_BUNDLE_IDENTIFIER = com.Sabintsev.Siren;
				PRODUCT_NAME = "$(TARGET_NAME:c99extidentifier)";
				SKIP_INSTALL = YES;
				SWIFT_ACTIVE_COMPILATION_CONDITIONS = DEBUG;
				SWIFT_OPTIMIZATION_LEVEL = "-Onone";
				SWIFT_VERSION = 5.0;
				TARGETED_DEVICE_FAMILY = "1,2";
				VERSIONING_SYSTEM = "apple-generic";
				VERSION_INFO_PREFIX = "";
			};
			name = Debug;
		};
		8EF9F85E224EACA500B20545 /* Release */ = {
			isa = XCBuildConfiguration;
			buildSettings = {
				CLANG_ANALYZER_NONNULL = YES;
				CLANG_ANALYZER_NUMBER_OBJECT_CONVERSION = YES_AGGRESSIVE;
				CLANG_CXX_LANGUAGE_STANDARD = "gnu++14";
				CLANG_ENABLE_MODULES = YES;
				CLANG_ENABLE_OBJC_WEAK = YES;
				CLANG_WARN_DOCUMENTATION_COMMENTS = YES;
				CLANG_WARN_UNGUARDED_AVAILABILITY = YES_AGGRESSIVE;
				CODE_SIGN_IDENTITY = "";
				CODE_SIGN_STYLE = Automatic;
				COPY_PHASE_STRIP = NO;
				CURRENT_PROJECT_VERSION = 1;
				DEBUG_INFORMATION_FORMAT = "dwarf-with-dsym";
				DEFINES_MODULE = YES;
				DEVELOPMENT_TEAM = HT94948NDD;
				DYLIB_COMPATIBILITY_VERSION = 1;
				DYLIB_CURRENT_VERSION = 1;
				DYLIB_INSTALL_NAME_BASE = "@rpath";
				GCC_C_LANGUAGE_STANDARD = gnu11;
				INFOPLIST_FILE = Siren/Info.plist;
				INSTALL_PATH = "$(LOCAL_LIBRARY_DIR)/Frameworks";
				IPHONEOS_DEPLOYMENT_TARGET = 8.0;
				LD_RUNPATH_SEARCH_PATHS = "$(inherited) @executable_path/Frameworks @loader_path/Frameworks";
				MTL_FAST_MATH = YES;
				PRODUCT_BUNDLE_IDENTIFIER = com.Sabintsev.Siren;
				PRODUCT_NAME = "$(TARGET_NAME:c99extidentifier)";
				SKIP_INSTALL = YES;
				SWIFT_OPTIMIZATION_LEVEL = "-Owholemodule";
				SWIFT_VERSION = 5.0;
				TARGETED_DEVICE_FAMILY = "1,2";
				VERSIONING_SYSTEM = "apple-generic";
				VERSION_INFO_PREFIX = "";
			};
			name = Release;
		};
/* End XCBuildConfiguration section */

/* Begin XCConfigurationList section */
		8E3A6C0D1D07CB6F00A8B7CF /* Build configuration list for PBXNativeTarget "Tests" */ = {
			isa = XCConfigurationList;
			buildConfigurations = (
				8E3A6C0B1D07CB6F00A8B7CF /* Debug */,
				8E3A6C0C1D07CB6F00A8B7CF /* Release */,
			);
			defaultConfigurationIsVisible = 0;
			defaultConfigurationName = Release;
		};
		8EC3917C1A58B465001C121E /* Build configuration list for PBXProject "Example" */ = {
			isa = XCConfigurationList;
			buildConfigurations = (
				8EC3919E1A58B466001C121E /* Debug */,
				8EC3919F1A58B466001C121E /* Release */,
			);
			defaultConfigurationIsVisible = 0;
			defaultConfigurationName = Release;
		};
		8EC391A01A58B466001C121E /* Build configuration list for PBXNativeTarget "Example" */ = {
			isa = XCConfigurationList;
			buildConfigurations = (
				8EC391A11A58B466001C121E /* Debug */,
				8EC391A21A58B466001C121E /* Release */,
			);
			defaultConfigurationIsVisible = 0;
			defaultConfigurationName = Release;
		};
		8EF9F85C224EACA500B20545 /* Build configuration list for PBXNativeTarget "Siren" */ = {
			isa = XCConfigurationList;
			buildConfigurations = (
				8EF9F85D224EACA500B20545 /* Debug */,
				8EF9F85E224EACA500B20545 /* Release */,
			);
			defaultConfigurationIsVisible = 0;
			defaultConfigurationName = Release;
		};
/* End XCConfigurationList section */
	};
	rootObject = 8EC391791A58B465001C121E /* Project object */;
}
