// !$*UTF8*$!
{
	archiveVersion = 1;
	classes = {
	};
	objectVersion = 46;
	objects = {

/* Begin PBXBuildFile section */
		5913ECF89C0DE3BEB22031BE /* Pods_Example_Tests.framework in Frameworks */ = {isa = PBXBuildFile; fileRef = 3207656F9030B2912198AF2E /* Pods_Example_Tests.framework */; };
		8E1635A91E6A0B9C0060CE27 /* SirenTests.swift in Sources */ = {isa = PBXBuildFile; fileRef = 8EE6C74C1E6A0AE100DBE454 /* SirenTests.swift */; };
		8EACA9711F380294003134CA /* LaunchScreen.xib in Resources */ = {isa = PBXBuildFile; fileRef = 8EACA9671F37F2D3003134CA /* LaunchScreen.xib */; };
		8EACA9721F380294003134CA /* Main.storyboard in Resources */ = {isa = PBXBuildFile; fileRef = 8EACA9691F37F2D3003134CA /* Main.storyboard */; };
		8EACA9731F380294003134CA /* Images.xcassets in Resources */ = {isa = PBXBuildFile; fileRef = 8EACA96B1F37F2D3003134CA /* Images.xcassets */; };
		8EACA9741F38029B003134CA /* AppDelegate.swift in Sources */ = {isa = PBXBuildFile; fileRef = 8EACA9661F37F2D3003134CA /* AppDelegate.swift */; };
		8EACA9751F38029B003134CA /* ViewController.swift in Sources */ = {isa = PBXBuildFile; fileRef = 8EACA96D1F37F2D3003134CA /* ViewController.swift */; };
		E7269D91A22F64E1A0C661C5 /* Pods_Example.framework in Frameworks */ = {isa = PBXBuildFile; fileRef = 37940350BF612EEBD59D5DF4 /* Pods_Example.framework */; };
/* End PBXBuildFile section */

/* Begin PBXContainerItemProxy section */
		8E3A6C091D07CB6F00A8B7CF /* PBXContainerItemProxy */ = {
			isa = PBXContainerItemProxy;
			containerPortal = 8EC391791A58B465001C121E /* Project object */;
			proxyType = 1;
			remoteGlobalIDString = 8EC391801A58B465001C121E;
			remoteInfo = "Sample App";
		};
/* End PBXContainerItemProxy section */

/* Begin PBXCopyFilesBuildPhase section */
		8EF9F892224EB00200B20545 /* Embed Frameworks */ = {
			isa = PBXCopyFilesBuildPhase;
			buildActionMask = 2147483647;
			dstPath = "";
			dstSubfolderSpec = 10;
			files = (
			);
			name = "Embed Frameworks";
			runOnlyForDeploymentPostprocessing = 0;
		};
/* End PBXCopyFilesBuildPhase section */

/* Begin PBXFileReference section */
		3008B0CC506A71223653ED92 /* Pods-Tests.release.xcconfig */ = {isa = PBXFileReference; includeInIndex = 1; lastKnownFileType = text.xcconfig; name = "Pods-Tests.release.xcconfig"; path = "Target Support Files/Pods-Tests/Pods-Tests.release.xcconfig"; sourceTree = "<group>"; };
		31A1A1D27EA05F1E28033516 /* Pods-Example-Tests.release.xcconfig */ = {isa = PBXFileReference; includeInIndex = 1; lastKnownFileType = text.xcconfig; name = "Pods-Example-Tests.release.xcconfig"; path = "Target Support Files/Pods-Example-Tests/Pods-Example-Tests.release.xcconfig"; sourceTree = "<group>"; };
		3207656F9030B2912198AF2E /* Pods_Example_Tests.framework */ = {isa = PBXFileReference; explicitFileType = wrapper.framework; includeInIndex = 0; path = Pods_Example_Tests.framework; sourceTree = BUILT_PRODUCTS_DIR; };
		37940350BF612EEBD59D5DF4 /* Pods_Example.framework */ = {isa = PBXFileReference; explicitFileType = wrapper.framework; includeInIndex = 0; path = Pods_Example.framework; sourceTree = BUILT_PRODUCTS_DIR; };
		5A65216266BE44478A3B3AEB /* Pods-Tests.debug.xcconfig */ = {isa = PBXFileReference; includeInIndex = 1; lastKnownFileType = text.xcconfig; name = "Pods-Tests.debug.xcconfig"; path = "Target Support Files/Pods-Tests/Pods-Tests.debug.xcconfig"; sourceTree = "<group>"; };
		740DAA3321466F1ABE6CC37D /* Pods-Example.debug.xcconfig */ = {isa = PBXFileReference; includeInIndex = 1; lastKnownFileType = text.xcconfig; name = "Pods-Example.debug.xcconfig"; path = "Target Support Files/Pods-Example/Pods-Example.debug.xcconfig"; sourceTree = "<group>"; };
		8E3A6C041D07CB6F00A8B7CF /* Tests.xctest */ = {isa = PBXFileReference; explicitFileType = wrapper.cfbundle; includeInIndex = 0; path = Tests.xctest; sourceTree = BUILT_PRODUCTS_DIR; };
		8EACA9661F37F2D3003134CA /* AppDelegate.swift */ = {isa = PBXFileReference; lastKnownFileType = sourcecode.swift; path = AppDelegate.swift; sourceTree = "<group>"; };
		8EACA9681F37F2D3003134CA /* Base */ = {isa = PBXFileReference; lastKnownFileType = file.xib; name = Base; path = Base.lproj/LaunchScreen.xib; sourceTree = "<group>"; };
		8EACA96A1F37F2D3003134CA /* Base */ = {isa = PBXFileReference; lastKnownFileType = file.storyboard; name = Base; path = Base.lproj/Main.storyboard; sourceTree = "<group>"; };
		8EACA96B1F37F2D3003134CA /* Images.xcassets */ = {isa = PBXFileReference; lastKnownFileType = folder.assetcatalog; path = Images.xcassets; sourceTree = "<group>"; };
		8EACA96C1F37F2D3003134CA /* Info.plist */ = {isa = PBXFileReference; lastKnownFileType = text.plist.xml; path = Info.plist; sourceTree = "<group>"; };
		8EACA96D1F37F2D3003134CA /* ViewController.swift */ = {isa = PBXFileReference; lastKnownFileType = sourcecode.swift; path = ViewController.swift; sourceTree = "<group>"; };
		8EC391811A58B465001C121E /* Example.app */ = {isa = PBXFileReference; explicitFileType = wrapper.application; includeInIndex = 0; path = Example.app; sourceTree = BUILT_PRODUCTS_DIR; };
		8EE6C74B1E6A0AE100DBE454 /* Info.plist */ = {isa = PBXFileReference; fileEncoding = 4; lastKnownFileType = text.plist.xml; path = Info.plist; sourceTree = "<group>"; };
		8EE6C74C1E6A0AE100DBE454 /* SirenTests.swift */ = {isa = PBXFileReference; fileEncoding = 4; lastKnownFileType = sourcecode.swift; path = SirenTests.swift; sourceTree = "<group>"; };
		E83E47CD9052083916E39F84 /* Pods-Example.release.xcconfig */ = {isa = PBXFileReference; includeInIndex = 1; lastKnownFileType = text.xcconfig; name = "Pods-Example.release.xcconfig"; path = "Target Support Files/Pods-Example/Pods-Example.release.xcconfig"; sourceTree = "<group>"; };
		EA761E9782C2024D152342D4 /* Pods-Example-Tests.debug.xcconfig */ = {isa = PBXFileReference; includeInIndex = 1; lastKnownFileType = text.xcconfig; name = "Pods-Example-Tests.debug.xcconfig"; path = "Target Support Files/Pods-Example-Tests/Pods-Example-Tests.debug.xcconfig"; sourceTree = "<group>"; };
/* End PBXFileReference section */

/* Begin PBXFrameworksBuildPhase section */
		8E3A6C011D07CB6F00A8B7CF /* Frameworks */ = {
			isa = PBXFrameworksBuildPhase;
			buildActionMask = 2147483647;
			files = (
				5913ECF89C0DE3BEB22031BE /* Pods_Example_Tests.framework in Frameworks */,
			);
			runOnlyForDeploymentPostprocessing = 0;
		};
		8EC3917E1A58B465001C121E /* Frameworks */ = {
			isa = PBXFrameworksBuildPhase;
			buildActionMask = 2147483647;
			files = (
				E7269D91A22F64E1A0C661C5 /* Pods_Example.framework in Frameworks */,
			);
			runOnlyForDeploymentPostprocessing = 0;
		};
/* End PBXFrameworksBuildPhase section */

/* Begin PBXGroup section */
		781697C27F2F128F70738C30 /* Pods */ = {
			isa = PBXGroup;
			children = (
				740DAA3321466F1ABE6CC37D /* Pods-Example.debug.xcconfig */,
				E83E47CD9052083916E39F84 /* Pods-Example.release.xcconfig */,
				5A65216266BE44478A3B3AEB /* Pods-Tests.debug.xcconfig */,
				3008B0CC506A71223653ED92 /* Pods-Tests.release.xcconfig */,
				EA761E9782C2024D152342D4 /* Pods-Example-Tests.debug.xcconfig */,
				31A1A1D27EA05F1E28033516 /* Pods-Example-Tests.release.xcconfig */,
			);
			path = Pods;
			sourceTree = "<group>";
		};
		8E641D2420C8B44B00908555 /* Frameworks */ = {
			isa = PBXGroup;
			children = (
				37940350BF612EEBD59D5DF4 /* Pods_Example.framework */,
				3207656F9030B2912198AF2E /* Pods_Example_Tests.framework */,
			);
			name = Frameworks;
			sourceTree = "<group>";
		};
		8EACA9651F37F2D3003134CA /* Example */ = {
			isa = PBXGroup;
			children = (
				8EACA9661F37F2D3003134CA /* AppDelegate.swift */,
				8EACA96E1F37F2DD003134CA /* Supporting Files */,
			);
			path = Example;
			sourceTree = "<group>";
		};
		8EACA96E1F37F2DD003134CA /* Supporting Files */ = {
			isa = PBXGroup;
			children = (
				8EACA9671F37F2D3003134CA /* LaunchScreen.xib */,
				8EACA9691F37F2D3003134CA /* Main.storyboard */,
				8EACA96B1F37F2D3003134CA /* Images.xcassets */,
				8EACA96C1F37F2D3003134CA /* Info.plist */,
				8EACA96D1F37F2D3003134CA /* ViewController.swift */,
			);
			path = "Supporting Files";
			sourceTree = "<group>";
		};
		8EC391781A58B465001C121E = {
			isa = PBXGroup;
			children = (
				8EACA9651F37F2D3003134CA /* Example */,
				8EE6C74A1E6A0AE100DBE454 /* Tests */,
				8EC391821A58B465001C121E /* Products */,
				8E641D2420C8B44B00908555 /* Frameworks */,
				781697C27F2F128F70738C30 /* Pods */,
			);
			sourceTree = "<group>";
		};
		8EC391821A58B465001C121E /* Products */ = {
			isa = PBXGroup;
			children = (
				8EC391811A58B465001C121E /* Example.app */,
				8E3A6C041D07CB6F00A8B7CF /* Tests.xctest */,
			);
			name = Products;
			sourceTree = "<group>";
		};
		8EE6C74A1E6A0AE100DBE454 /* Tests */ = {
			isa = PBXGroup;
			children = (
				8EE6C74B1E6A0AE100DBE454 /* Info.plist */,
				8EE6C74C1E6A0AE100DBE454 /* SirenTests.swift */,
			);
			path = Tests;
			sourceTree = "<group>";
		};
/* End PBXGroup section */

/* Begin PBXNativeTarget section */
		8E3A6C031D07CB6F00A8B7CF /* Tests */ = {
			isa = PBXNativeTarget;
			buildConfigurationList = 8E3A6C0D1D07CB6F00A8B7CF /* Build configuration list for PBXNativeTarget "Tests" */;
			buildPhases = (
				F0D788DF78612C5704C442B8 /* [CP] Check Pods Manifest.lock */,
				8E3A6C001D07CB6F00A8B7CF /* Sources */,
				8E3A6C011D07CB6F00A8B7CF /* Frameworks */,
				8E3A6C021D07CB6F00A8B7CF /* Resources */,
				F4829FA85904971576C7920A /* [CP] Embed Pods Frameworks */,
			);
			buildRules = (
			);
			dependencies = (
				8E3A6C0A1D07CB6F00A8B7CF /* PBXTargetDependency */,
			);
			name = Tests;
			productName = SirenTests;
			productReference = 8E3A6C041D07CB6F00A8B7CF /* Tests.xctest */;
			productType = "com.apple.product-type.bundle.unit-test";
		};
		8EC391801A58B465001C121E /* Example */ = {
			isa = PBXNativeTarget;
			buildConfigurationList = 8EC391A01A58B466001C121E /* Build configuration list for PBXNativeTarget "Example" */;
			buildPhases = (
				007D5BEF60AE64704A038FBF /* [CP] Check Pods Manifest.lock */,
				8EC3917D1A58B465001C121E /* Sources */,
				8EC3917E1A58B465001C121E /* Frameworks */,
				8EE3A3F81E6A0E470010BDCE /* SwiftLint */,
				8EC3917F1A58B465001C121E /* Resources */,
				8EF9F892224EB00200B20545 /* Embed Frameworks */,
				E31482FEAF1E4460E554FDD1 /* [CP] Embed Pods Frameworks */,
			);
			buildRules = (
			);
			dependencies = (
			);
			name = Example;
			productName = Siren;
			productReference = 8EC391811A58B465001C121E /* Example.app */;
			productType = "com.apple.product-type.application";
		};
/* End PBXNativeTarget section */

/* Begin PBXProject section */
		8EC391791A58B465001C121E /* Project object */ = {
			isa = PBXProject;
			attributes = {
				LastSwiftMigration = 0700;
				LastSwiftUpdateCheck = 0730;
				LastUpgradeCheck = 1220;
				ORGANIZATIONNAME = "Sabintsev iOS Projects";
				TargetAttributes = {
					8E3A6C031D07CB6F00A8B7CF = {
						CreatedOnToolsVersion = 7.3.1;
						LastSwiftMigration = 1020;
						TestTargetID = 8EC391801A58B465001C121E;
					};
					8EC391801A58B465001C121E = {
						CreatedOnToolsVersion = 6.1.1;
						DevelopmentTeam = HT94948NDD;
						DevelopmentTeamName = "Arthur Sabintsev";
						LastSwiftMigration = 1020;
						SystemCapabilities = {
							com.apple.BackgroundModes = {
								enabled = 0;
							};
							com.apple.InAppPurchase = {
								enabled = 0;
							};
							com.apple.Push = {
								enabled = 0;
							};
						};
					};
				};
			};
			buildConfigurationList = 8EC3917C1A58B465001C121E /* Build configuration list for PBXProject "Example" */;
			compatibilityVersion = "Xcode 3.2";
			developmentRegion = en;
			hasScannedForEncodings = 0;
			knownRegions = (
				en,
				Base,
			);
			mainGroup = 8EC391781A58B465001C121E;
			productRefGroup = 8EC391821A58B465001C121E /* Products */;
			projectDirPath = "";
			projectRoot = "";
			targets = (
				8EC391801A58B465001C121E /* Example */,
				8E3A6C031D07CB6F00A8B7CF /* Tests */,
			);
		};
/* End PBXProject section */

/* Begin PBXResourcesBuildPhase section */
		8E3A6C021D07CB6F00A8B7CF /* Resources */ = {
			isa = PBXResourcesBuildPhase;
			buildActionMask = 2147483647;
			files = (
			);
			runOnlyForDeploymentPostprocessing = 0;
		};
		8EC3917F1A58B465001C121E /* Resources */ = {
			isa = PBXResourcesBuildPhase;
			buildActionMask = 2147483647;
			files = (
				8EACA9711F380294003134CA /* LaunchScreen.xib in Resources */,
				8EACA9721F380294003134CA /* Main.storyboard in Resources */,
				8EACA9731F380294003134CA /* Images.xcassets in Resources */,
			);
			runOnlyForDeploymentPostprocessing = 0;
		};
/* End PBXResourcesBuildPhase section */

/* Begin PBXShellScriptBuildPhase section */
		007D5BEF60AE64704A038FBF /* [CP] Check Pods Manifest.lock */ = {
			isa = PBXShellScriptBuildPhase;
			buildActionMask = 2147483647;
			files = (
			);
			inputFileListPaths = (
			);
			inputPaths = (
				"${PODS_PODFILE_DIR_PATH}/Podfile.lock",
				"${PODS_ROOT}/Manifest.lock",
			);
			name = "[CP] Check Pods Manifest.lock";
			outputFileListPaths = (
			);
			outputPaths = (
				"$(DERIVED_FILE_DIR)/Pods-Example-checkManifestLockResult.txt",
			);
			runOnlyForDeploymentPostprocessing = 0;
			shellPath = /bin/sh;
			shellScript = "diff \"${PODS_PODFILE_DIR_PATH}/Podfile.lock\" \"${PODS_ROOT}/Manifest.lock\" > /dev/null\nif [ $? != 0 ] ; then\n    # print error to STDERR\n    echo \"error: The sandbox is not in sync with the Podfile.lock. Run 'pod install' or update your CocoaPods installation.\" >&2\n    exit 1\nfi\n# This output is used by Xcode 'outputs' to avoid re-running this script phase.\necho \"SUCCESS\" > \"${SCRIPT_OUTPUT_FILE_0}\"\n";
			showEnvVarsInLog = 0;
		};
		8EE3A3F81E6A0E470010BDCE /* SwiftLint */ = {
			isa = PBXShellScriptBuildPhase;
			buildActionMask = 2147483647;
			files = (
			);
			inputPaths = (
			);
			name = SwiftLint;
			outputPaths = (
			);
			runOnlyForDeploymentPostprocessing = 0;
			shellPath = /bin/sh;
			shellScript = "if which swiftlint >/dev/null; then\nswiftlint lint --config ../.swiftlint.yml\nelse\necho \"warning: SwiftLint not installed, download from https://github.com/realm/SwiftLint\"\nfi";
		};
		E31482FEAF1E4460E554FDD1 /* [CP] Embed Pods Frameworks */ = {
			isa = PBXShellScriptBuildPhase;
			buildActionMask = 2147483647;
			files = (
			);
			inputPaths = (
				"${PODS_ROOT}/Target Support Files/Pods-Example/Pods-Example-frameworks.sh",
				"${BUILT_PRODUCTS_DIR}/Siren/Siren.framework",
			);
			name = "[CP] Embed Pods Frameworks";
			outputPaths = (
				"${TARGET_BUILD_DIR}/${FRAMEWORKS_FOLDER_PATH}/Siren.framework",
			);
			runOnlyForDeploymentPostprocessing = 0;
			shellPath = /bin/sh;
			shellScript = "\"${PODS_ROOT}/Target Support Files/Pods-Example/Pods-Example-frameworks.sh\"\n";
			showEnvVarsInLog = 0;
		};
		F0D788DF78612C5704C442B8 /* [CP] Check Pods Manifest.lock */ = {
			isa = PBXShellScriptBuildPhase;
			buildActionMask = 2147483647;
			files = (
			);
			inputFileListPaths = (
			);
			inputPaths = (
				"${PODS_PODFILE_DIR_PATH}/Podfile.lock",
				"${PODS_ROOT}/Manifest.lock",
			);
			name = "[CP] Check Pods Manifest.lock";
			outputFileListPaths = (
			);
			outputPaths = (
				"$(DERIVED_FILE_DIR)/Pods-Example-Tests-checkManifestLockResult.txt",
			);
			runOnlyForDeploymentPostprocessing = 0;
			shellPath = /bin/sh;
			shellScript = "diff \"${PODS_PODFILE_DIR_PATH}/Podfile.lock\" \"${PODS_ROOT}/Manifest.lock\" > /dev/null\nif [ $? != 0 ] ; then\n    # print error to STDERR\n    echo \"error: The sandbox is not in sync with the Podfile.lock. Run 'pod install' or update your CocoaPods installation.\" >&2\n    exit 1\nfi\n# This output is used by Xcode 'outputs' to avoid re-running this script phase.\necho \"SUCCESS\" > \"${SCRIPT_OUTPUT_FILE_0}\"\n";
			showEnvVarsInLog = 0;
		};
		F4829FA85904971576C7920A /* [CP] Embed Pods Frameworks */ = {
			isa = PBXShellScriptBuildPhase;
			buildActionMask = 2147483647;
			files = (
			);
			inputPaths = (
				"${PODS_ROOT}/Target Support Files/Pods-Example-Tests/Pods-Example-Tests-frameworks.sh",
				"${BUILT_PRODUCTS_DIR}/Siren/Siren.framework",
			);
			name = "[CP] Embed Pods Frameworks";
			outputPaths = (
				"${TARGET_BUILD_DIR}/${FRAMEWORKS_FOLDER_PATH}/Siren.framework",
			);
			runOnlyForDeploymentPostprocessing = 0;
			shellPath = /bin/sh;
			shellScript = "\"${PODS_ROOT}/Target Support Files/Pods-Example-Tests/Pods-Example-Tests-frameworks.sh\"\n";
			showEnvVarsInLog = 0;
		};
/* End PBXShellScriptBuildPhase section */

/* Begin PBXSourcesBuildPhase section */
		8E3A6C001D07CB6F00A8B7CF /* Sources */ = {
			isa = PBXSourcesBuildPhase;
			buildActionMask = 2147483647;
			files = (
				8E1635A91E6A0B9C0060CE27 /* SirenTests.swift in Sources */,
			);
			runOnlyForDeploymentPostprocessing = 0;
		};
		8EC3917D1A58B465001C121E /* Sources */ = {
			isa = PBXSourcesBuildPhase;
			buildActionMask = 2147483647;
			files = (
				8EACA9741F38029B003134CA /* AppDelegate.swift in Sources */,
				8EACA9751F38029B003134CA /* ViewController.swift in Sources */,
			);
			runOnlyForDeploymentPostprocessing = 0;
		};
/* End PBXSourcesBuildPhase section */

/* Begin PBXTargetDependency section */
		8E3A6C0A1D07CB6F00A8B7CF /* PBXTargetDependency */ = {
			isa = PBXTargetDependency;
			target = 8EC391801A58B465001C121E /* Example */;
			targetProxy = 8E3A6C091D07CB6F00A8B7CF /* PBXContainerItemProxy */;
		};
/* End PBXTargetDependency section */

/* Begin PBXVariantGroup section */
		8EACA9671F37F2D3003134CA /* LaunchScreen.xib */ = {
			isa = PBXVariantGroup;
			children = (
				8EACA9681F37F2D3003134CA /* Base */,
			);
			name = LaunchScreen.xib;
			sourceTree = "<group>";
		};
		8EACA9691F37F2D3003134CA /* Main.storyboard */ = {
			isa = PBXVariantGroup;
			children = (
				8EACA96A1F37F2D3003134CA /* Base */,
			);
			name = Main.storyboard;
			sourceTree = "<group>";
		};
/* End PBXVariantGroup section */

/* Begin XCBuildConfiguration section */
		8E3A6C0B1D07CB6F00A8B7CF /* Debug */ = {
			isa = XCBuildConfiguration;
			baseConfigurationReference = EA761E9782C2024D152342D4 /* Pods-Example-Tests.debug.xcconfig */;
			buildSettings = {
				ALWAYS_EMBED_SWIFT_STANDARD_LIBRARIES = YES;
				BUNDLE_LOADER = "$(TEST_HOST)";
				CLANG_ANALYZER_NONNULL = YES;
				DEBUG_INFORMATION_FORMAT = dwarf;
				GCC_NO_COMMON_BLOCKS = YES;
				INFOPLIST_FILE = Tests/Info.plist;
				IPHONEOS_DEPLOYMENT_TARGET = 15.0;
				LD_RUNPATH_SEARCH_PATHS = "$(inherited) @executable_path/Frameworks @loader_path/Frameworks";
				PRODUCT_BUNDLE_IDENTIFIER = com.sabintsev.SirenTests;
				PRODUCT_NAME = "$(TARGET_NAME)";
				SWIFT_VERSION = 5.0;
				TEST_HOST = "$(BUILT_PRODUCTS_DIR)/Example.app/Example";
			};
			name = Debug;
		};
		8E3A6C0C1D07CB6F00A8B7CF /* Release */ = {
			isa = XCBuildConfiguration;
			baseConfigurationReference = 31A1A1D27EA05F1E28033516 /* Pods-Example-Tests.release.xcconfig */;
			buildSettings = {
				ALWAYS_EMBED_SWIFT_STANDARD_LIBRARIES = YES;
				BUNDLE_LOADER = "$(TEST_HOST)";
				CLANG_ANALYZER_NONNULL = YES;
				COPY_PHASE_STRIP = NO;
				DEBUG_INFORMATION_FORMAT = "dwarf-with-dsym";
				GCC_NO_COMMON_BLOCKS = YES;
				INFOPLIST_FILE = Tests/Info.plist;
				IPHONEOS_DEPLOYMENT_TARGET = 15.0;
				LD_RUNPATH_SEARCH_PATHS = "$(inherited) @executable_path/Frameworks @loader_path/Frameworks";
				PRODUCT_BUNDLE_IDENTIFIER = com.sabintsev.SirenTests;
				PRODUCT_NAME = "$(TARGET_NAME)";
				SWIFT_OPTIMIZATION_LEVEL = "-Owholemodule";
				SWIFT_VERSION = 5.0;
				TEST_HOST = "$(BUILT_PRODUCTS_DIR)/Example.app/Example";
			};
			name = Release;
		};
		8EC3919E1A58B466001C121E /* Debug */ = {
			isa = XCBuildConfiguration;
			buildSettings = {
				ALWAYS_SEARCH_USER_PATHS = NO;
				CLANG_CXX_LANGUAGE_STANDARD = "gnu++0x";
				CLANG_CXX_LIBRARY = "libc++";
				CLANG_ENABLE_MODULES = YES;
				CLANG_ENABLE_OBJC_ARC = YES;
				CLANG_WARN_BLOCK_CAPTURE_AUTORELEASING = YES;
				CLANG_WARN_BOOL_CONVERSION = YES;
				CLANG_WARN_COMMA = YES;
				CLANG_WARN_CONSTANT_CONVERSION = YES;
				CLANG_WARN_DEPRECATED_OBJC_IMPLEMENTATIONS = YES;
				CLANG_WARN_DIRECT_OBJC_ISA_USAGE = YES_ERROR;
				CLANG_WARN_EMPTY_BODY = YES;
				CLANG_WARN_ENUM_CONVERSION = YES;
				CLANG_WARN_INFINITE_RECURSION = YES;
				CLANG_WARN_INT_CONVERSION = YES;
				CLANG_WARN_NON_LITERAL_NULL_CONVERSION = YES;
				CLANG_WARN_OBJC_IMPLICIT_RETAIN_SELF = YES;
				CLANG_WARN_OBJC_LITERAL_CONVERSION = YES;
				CLANG_WARN_OBJC_ROOT_CLASS = YES_ERROR;
				CLANG_WARN_QUOTED_INCLUDE_IN_FRAMEWORK_HEADER = YES;
				CLANG_WARN_RANGE_LOOP_ANALYSIS = YES;
				CLANG_WARN_STRICT_PROTOTYPES = YES;
				CLANG_WARN_SUSPICIOUS_MOVE = YES;
				CLANG_WARN_UNREACHABLE_CODE = YES;
				CLANG_WARN__DUPLICATE_METHOD_MATCH = YES;
				"CODE_SIGN_IDENTITY[sdk=iphoneos*]" = "iPhone Developer";
				COPY_PHASE_STRIP = NO;
				ENABLE_STRICT_OBJC_MSGSEND = YES;
				ENABLE_TESTABILITY = YES;
				GCC_C_LANGUAGE_STANDARD = gnu99;
				GCC_DYNAMIC_NO_PIC = NO;
				GCC_NO_COMMON_BLOCKS = YES;
				GCC_OPTIMIZATION_LEVEL = 0;
				GCC_PREPROCESSOR_DEFINITIONS = (
					"DEBUG=1",
					"$(inherited)",
				);
				GCC_SYMBOLS_PRIVATE_EXTERN = NO;
				GCC_WARN_64_TO_32_BIT_CONVERSION = YES;
				GCC_WARN_ABOUT_RETURN_TYPE = YES_ERROR;
				GCC_WARN_UNDECLARED_SELECTOR = YES;
				GCC_WARN_UNINITIALIZED_AUTOS = YES_AGGRESSIVE;
				GCC_WARN_UNUSED_FUNCTION = YES;
				GCC_WARN_UNUSED_VARIABLE = YES;
				IPHONEOS_DEPLOYMENT_TARGET = 13.0;
				MTL_ENABLE_DEBUG_INFO = YES;
				ONLY_ACTIVE_ARCH = YES;
				SDKROOT = iphoneos;
				SWIFT_OPTIMIZATION_LEVEL = "-Onone";
				SWIFT_VERSION = 4.2;
			};
			name = Debug;
		};
		8EC3919F1A58B466001C121E /* Release */ = {
			isa = XCBuildConfiguration;
			buildSettings = {
				ALWAYS_SEARCH_USER_PATHS = NO;
				CLANG_CXX_LANGUAGE_STANDARD = "gnu++0x";
				CLANG_CXX_LIBRARY = "libc++";
				CLANG_ENABLE_MODULES = YES;
				CLANG_ENABLE_OBJC_ARC = YES;
				CLANG_WARN_BLOCK_CAPTURE_AUTORELEASING = YES;
				CLANG_WARN_BOOL_CONVERSION = YES;
				CLANG_WARN_COMMA = YES;
				CLANG_WARN_CONSTANT_CONVERSION = YES;
				CLANG_WARN_DEPRECATED_OBJC_IMPLEMENTATIONS = YES;
				CLANG_WARN_DIRECT_OBJC_ISA_USAGE = YES_ERROR;
				CLANG_WARN_EMPTY_BODY = YES;
				CLANG_WARN_ENUM_CONVERSION = YES;
				CLANG_WARN_INFINITE_RECURSION = YES;
				CLANG_WARN_INT_CONVERSION = YES;
				CLANG_WARN_NON_LITERAL_NULL_CONVERSION = YES;
				CLANG_WARN_OBJC_IMPLICIT_RETAIN_SELF = YES;
				CLANG_WARN_OBJC_LITERAL_CONVERSION = YES;
				CLANG_WARN_OBJC_ROOT_CLASS = YES_ERROR;
				CLANG_WARN_QUOTED_INCLUDE_IN_FRAMEWORK_HEADER = YES;
				CLANG_WARN_RANGE_LOOP_ANALYSIS = YES;
				CLANG_WARN_STRICT_PROTOTYPES = YES;
				CLANG_WARN_SUSPICIOUS_MOVE = YES;
				CLANG_WARN_UNREACHABLE_CODE = YES;
				CLANG_WARN__DUPLICATE_METHOD_MATCH = YES;
				"CODE_SIGN_IDENTITY[sdk=iphoneos*]" = "iPhone Developer";
				COPY_PHASE_STRIP = YES;
				ENABLE_NS_ASSERTIONS = NO;
				ENABLE_STRICT_OBJC_MSGSEND = YES;
				GCC_C_LANGUAGE_STANDARD = gnu99;
				GCC_NO_COMMON_BLOCKS = YES;
				GCC_WARN_64_TO_32_BIT_CONVERSION = YES;
				GCC_WARN_ABOUT_RETURN_TYPE = YES_ERROR;
				GCC_WARN_UNDECLARED_SELECTOR = YES;
				GCC_WARN_UNINITIALIZED_AUTOS = YES_AGGRESSIVE;
				GCC_WARN_UNUSED_FUNCTION = YES;
				GCC_WARN_UNUSED_VARIABLE = YES;
				IPHONEOS_DEPLOYMENT_TARGET = 13.0;
				MTL_ENABLE_DEBUG_INFO = NO;
				SDKROOT = iphoneos;
				SWIFT_VERSION = 4.2;
				VALIDATE_PRODUCT = YES;
			};
			name = Release;
		};
		8EC391A11A58B466001C121E /* Debug */ = {
			isa = XCBuildConfiguration;
			baseConfigurationReference = 740DAA3321466F1ABE6CC37D /* Pods-Example.debug.xcconfig */;
			buildSettings = {
				ASSETCATALOG_COMPILER_APPICON_NAME = AppIcon;
				CODE_SIGN_IDENTITY = "iPhone Developer";
				DEVELOPMENT_TEAM = HT94948NDD;
				INFOPLIST_FILE = "$(SRCROOT)/Example/Supporting Files/Info.plist";
				IPHONEOS_DEPLOYMENT_TARGET = 13.0;
				LD_RUNPATH_SEARCH_PATHS = "$(inherited) @executable_path/Frameworks";
				MARKETING_VERSION = 2.0.2;
				PRODUCT_BUNDLE_IDENTIFIER = com.facebook.Facebook;
				PRODUCT_NAME = Example;
				SWIFT_VERSION = 5.0;
				TARGETED_DEVICE_FAMILY = "1,2";
			};
			name = Debug;
		};
		8EC391A21A58B466001C121E /* Release */ = {
			isa = XCBuildConfiguration;
			baseConfigurationReference = E83E47CD9052083916E39F84 /* Pods-Example.release.xcconfig */;
			buildSettings = {
				ASSETCATALOG_COMPILER_APPICON_NAME = AppIcon;
				CODE_SIGN_IDENTITY = "iPhone Developer";
				DEVELOPMENT_TEAM = HT94948NDD;
				INFOPLIST_FILE = "$(SRCROOT)/Example/Supporting Files/Info.plist";
				IPHONEOS_DEPLOYMENT_TARGET = 13.0;
				LD_RUNPATH_SEARCH_PATHS = "$(inherited) @executable_path/Frameworks";
				MARKETING_VERSION = 2.0.2;
				PRODUCT_BUNDLE_IDENTIFIER = com.facebook.Facebook;
				PRODUCT_NAME = Example;
				SWIFT_OPTIMIZATION_LEVEL = "-Owholemodule";
				SWIFT_VERSION = 5.0;
				TARGETED_DEVICE_FAMILY = "1,2";
			};
			name = Release;
		};
/* End XCBuildConfiguration section */

/* Begin XCConfigurationList section */
		8E3A6C0D1D07CB6F00A8B7CF /* Build configuration list for PBXNativeTarget "Tests" */ = {
			isa = XCConfigurationList;
			buildConfigurations = (
				8E3A6C0B1D07CB6F00A8B7CF /* Debug */,
				8E3A6C0C1D07CB6F00A8B7CF /* Release */,
			);
			defaultConfigurationIsVisible = 0;
			defaultConfigurationName = Release;
		};
		8EC3917C1A58B465001C121E /* Build configuration list for PBXProject "Example" */ = {
			isa = XCConfigurationList;
			buildConfigurations = (
				8EC3919E1A58B466001C121E /* Debug */,
				8EC3919F1A58B466001C121E /* Release */,
			);
			defaultConfigurationIsVisible = 0;
			defaultConfigurationName = Release;
		};
		8EC391A01A58B466001C121E /* Build configuration list for PBXNativeTarget "Example" */ = {
			isa = XCConfigurationList;
			buildConfigurations = (
				8EC391A11A58B466001C121E /* Debug */,
				8EC391A21A58B466001C121E /* Release */,
			);
			defaultConfigurationIsVisible = 0;
			defaultConfigurationName = Release;
		};
/* End XCConfigurationList section */
	};
	rootObject = 8EC391791A58B465001C121E /* Project object */;
}
