// !$*UTF8*$!
{
	archiveVersion = 1;
	classes = {
	};
	objectVersion = 56;
	objects = {

/* Begin PBXBuildFile section */
		8E1635A91E6A0B9C0060CE27 /* SirenTests.swift in Sources */ = {isa = PBXBuildFile; fileRef = 8EE6C74C1E6A0AE100DBE454 /* SirenTests.swift */; };
		8EACA9711F380294003134CA /* LaunchScreen.xib in Resources */ = {isa = PBXBuildFile; fileRef = 8EACA9671F37F2D3003134CA /* LaunchScreen.xib */; };
		8EACA9721F380294003134CA /* Main.storyboard in Resources */ = {isa = PBXBuildFile; fileRef = 8EACA9691F37F2D3003134CA /* Main.storyboard */; };
		8EACA9731F380294003134CA /* Images.xcassets in Resources */ = {isa = PBXBuildFile; fileRef = 8EACA96B1F37F2D3003134CA /* Images.xcassets */; };
		8EACA9741F38029B003134CA /* AppDelegate.swift in Sources */ = {isa = PBXBuildFile; fileRef = 8EACA9661F37F2D3003134CA /* AppDelegate.swift */; };
		8EACA9751F38029B003134CA /* ViewController.swift in Sources */ = {isa = PBXBuildFile; fileRef = 8EACA96D1F37F2D3003134CA /* ViewController.swift */; };
		A10000000000000000000001 /* Siren in Frameworks */ = {isa = PBXBuildFile; productRef = A10000000000000000000011 /* Siren */; };
		A10000000000000000000002 /* Siren in Frameworks */ = {isa = PBXBuildFile; productRef = A10000000000000000000012 /* Siren */; };
/* End PBXBuildFile section */

/* Begin PBXContainerItemProxy section */
		8E3A6C091D07CB6F00A8B7CF /* PBXContainerItemProxy */ = {
			isa = PBXContainerItemProxy;
			containerPortal = 8EC391791A58B465001C121E /* Project object */;
			proxyType = 1;
			remoteGlobalIDString = 8EC391801A58B465001C121E;
			remoteInfo = Example;
		};
/* End PBXContainerItemProxy section */

/* Begin PBXCopyFilesBuildPhase section */
		8EF9F892224EB00200B20545 /* Embed Frameworks */ = {
			isa = PBXCopyFilesBuildPhase;
			buildActionMask = 2147483647;
			dstPath = "";
			dstSubfolderSpec = 10;
			files = (
			);
			name = "Embed Frameworks";
			runOnlyForDeploymentPostprocessing = 0;
		};
/* End PBXCopyFilesBuildPhase section */

/* Begin PBXFileReference section */
		8E3A6C041D07CB6F00A8B7CF /* Tests.xctest */ = {isa = PBXFileReference; explicitFileType = wrapper.cfbundle; includeInIndex = 0; path = Tests.xctest; sourceTree = BUILT_PRODUCTS_DIR; };
		8EACA9661F37F2D3003134CA /* AppDelegate.swift */ = {isa = PBXFileReference; lastKnownFileType = sourcecode.swift; path = AppDelegate.swift; sourceTree = "<group>"; };
		8EACA9681F37F2D3003134CA /* Base */ = {isa = PBXFileReference; lastKnownFileType = file.xib; name = Base; path = Base.lproj/LaunchScreen.xib; sourceTree = "<group>"; };
		8EACA96A1F37F2D3003134CA /* Base */ = {isa = PBXFileReference; lastKnownFileType = file.storyboard; name = Base; path = Base.lproj/Main.storyboard; sourceTree = "<group>"; };
		8EACA96B1F37F2D3003134CA /* Images.xcassets */ = {isa = PBXFileReference; lastKnownFileType = folder.assetcatalog; path = Images.xcassets; sourceTree = "<group>"; };
		8EACA96C1F37F2D3003134CA /* Info.plist */ = {isa = PBXFileReference; lastKnownFileType = text.plist.xml; path = Info.plist; sourceTree = "<group>"; };
		8EACA96D1F37F2D3003134CA /* ViewController.swift */ = {isa = PBXFileReference; lastKnownFileType = sourcecode.swift; path = ViewController.swift; sourceTree = "<group>"; };
		8EC391811A58B465001C121E /* Example.app */ = {isa = PBXFileReference; explicitFileType = wrapper.application; includeInIndex = 0; path = Example.app; sourceTree = BUILT_PRODUCTS_DIR; };
		8EE6C74B1E6A0AE100DBE454 /* Info.plist */ = {isa = PBXFileReference; fileEncoding = 4; lastKnownFileType = text.plist.xml; path = Info.plist; sourceTree = "<group>"; };
		8EE6C74C1E6A0AE100DBE454 /* SirenTests.swift */ = {isa = PBXFileReference; fileEncoding = 4; lastKnownFileType = sourcecode.swift; path = SirenTests.swift; sourceTree = "<group>"; };
/* End PBXFileReference section */

/* Begin PBXFrameworksBuildPhase section */
		8E3A6C011D07CB6F00A8B7CF /* Frameworks */ = {
			isa = PBXFrameworksBuildPhase;
			buildActionMask = 2147483647;
			files = (
				A10000000000000000000002 /* Siren in Frameworks */,
			);
			runOnlyForDeploymentPostprocessing = 0;
		};
		8EC3917E1A58B465001C121E /* Frameworks */ = {
			isa = PBXFrameworksBuildPhase;
			buildActionMask = 2147483647;
			files = (
				A10000000000000000000001 /* Siren in Frameworks */,
			);
			runOnlyForDeploymentPostprocessing = 0;
		};
/* End PBXFrameworksBuildPhase section */

/* Begin PBXGroup section */
		8E641D2420C8B44B00908555 /* Frameworks */ = {
			isa = PBXGroup;
			children = (
			);
			name = Frameworks;
			sourceTree = "<group>";
		};
		8EACA9651F37F2D3003134CA /* Example */ = {
			isa = PBXGroup;
			children = (
				8EACA9661F37F2D3003134CA /* AppDelegate.swift */,
				8EACA96E1F37F2DD003134CA /* Supporting Files */,
			);
			path = Example;
			sourceTree = "<group>";
		};
		8EACA96E1F37F2DD003134CA /* Supporting Files */ = {
			isa = PBXGroup;
			children = (
				8EACA9671F37F2D3003134CA /* LaunchScreen.xib */,
				8EACA9691F37F2D3003134CA /* Main.storyboard */,
				8EACA96B1F37F2D3003134CA /* Images.xcassets */,
				8EACA96C1F37F2D3003134CA /* Info.plist */,
				8EACA96D1F37F2D3003134CA /* ViewController.swift */,
			);
			path = "Supporting Files";
			sourceTree = "<group>";
		};
		8EC391781A58B465001C121E = {
			isa = PBXGroup;
			children = (
				8EACA9651F37F2D3003134CA /* Example */,
				8EE6C74A1E6A0AE100DBE454 /* Tests */,
				8EC391821A58B465001C121E /* Products */,
				8E641D2420C8B44B00908555 /* Frameworks */,
			);
			sourceTree = "<group>";
		};
		8EC391821A58B465001C121E /* Products */ = {
			isa = PBXGroup;
			children = (
				8EC391811A58B465001C121E /* Example.app */,
				8E3A6C041D07CB6F00A8B7CF /* Tests.xctest */,
			);
			name = Products;
			sourceTree = "<group>";
		};
		8EE6C74A1E6A0AE100DBE454 /* Tests */ = {
			isa = PBXGroup;
			children = (
				8EE6C74B1E6A0AE100DBE454 /* Info.plist */,
				8EE6C74C1E6A0AE100DBE454 /* SirenTests.swift */,
			);
			path = Tests;
			sourceTree = "<group>";
		};
/* End PBXGroup section */

/* Begin PBXNativeTarget section */
		8E3A6C031D07CB6F00A8B7CF /* Tests */ = {
			isa = PBXNativeTarget;
			buildConfigurationList = 8E3A6C0D1D07CB6F00A8B7CF /* Build configuration list for PBXNativeTarget "Tests" */;
			buildPhases = (
				8E3A6C001D07CB6F00A8B7CF /* Sources */,
				8E3A6C011D07CB6F00A8B7CF /* Frameworks */,
				8E3A6C021D07CB6F00A8B7CF /* Resources */,
			);
			buildRules = (
			);
			dependencies = (
				8E3A6C0A1D07CB6F00A8B7CF /* PBXTargetDependency */,
			);
			name = Tests;
			packageProductDependencies = (
				A10000000000000000000012 /* Siren */,
			);
			productName = SirenTests;
			productReference = 8E3A6C041D07CB6F00A8B7CF /* Tests.xctest */;
			productType = "com.apple.product-type.bundle.unit-test";
		};
		8EC391801A58B465001C121E /* Example */ = {
			isa = PBXNativeTarget;
			buildConfigurationList = 8EC391A01A58B466001C121E /* Build configuration list for PBXNativeTarget "Example" */;
			buildPhases = (
				8EC3917D1A58B465001C121E /* Sources */,
				8EC3917E1A58B465001C121E /* Frameworks */,
				8EE3A3F81E6A0E470010BDCE /* SwiftLint */,
				8EC3917F1A58B465001C121E /* Resources */,
				8EF9F892224EB00200B20545 /* Embed Frameworks */,
			);
			buildRules = (
			);
			dependencies = (
			);
			name = Example;
			packageProductDependencies = (
				A10000000000000000000011 /* Siren */,
			);
			productName = Siren;
			productReference = 8EC391811A58B465001C121E /* Example.app */;
			productType = "com.apple.product-type.application";
		};
/* End PBXNativeTarget section */

/* Begin PBXProject section */
		8EC391791A58B465001C121E /* Project object */ = {
			isa = PBXProject;
			attributes = {
				BuildIndependentTargetsInParallel = 1;
				LastSwiftMigration = 1600;
				LastSwiftUpdateCheck = 1600;
				LastUpgradeCheck = 1600;
				ORGANIZATIONNAME = "Sabintsev iOS Projects";
				TargetAttributes = {
					8E3A6C031D07CB6F00A8B7CF = {
						CreatedOnToolsVersion = 7.3.1;
						LastSwiftMigration = 1600;
						TestTargetID = 8EC391801A58B465001C121E;
					};
					8EC391801A58B465001C121E = {
						CreatedOnToolsVersion = 6.1.1;
						DevelopmentTeam = HT94948NDD;
						DevelopmentTeamName = "Arthur Sabintsev";
						LastSwiftMigration = 1600;
					};
				};
			};
			buildConfigurationList = 8EC3917C1A58B465001C121E /* Build configuration list for PBXProject "Example" */;
			compatibilityVersion = "Xcode 14.0";
			developmentRegion = en;
			hasScannedForEncodings = 0;
			knownRegions = (
				en,
				Base,
			);
			mainGroup = 8EC391781A58B465001C121E;
			packageReferences = (
				A10000000000000000000010 /* XCLocalSwiftPackageReference "../" */,
			);
			productRefGroup = 8EC391821A58B465001C121E /* Products */;
			projectDirPath = "";
			projectRoot = "";
			targets = (
				8EC391801A58B465001C121E /* Example */,
				8E3A6C031D07CB6F00A8B7CF /* Tests */,
			);
		};
/* End PBXProject section */

/* Begin PBXResourcesBuildPhase section */
		8E3A6C021D07CB6F00A8B7CF /* Resources */ = {
			isa = PBXResourcesBuildPhase;
			buildActionMask = 2147483647;
			files = (
			);
			runOnlyForDeploymentPostprocessing = 0;
		};
		8EC3917F1A58B465001C121E /* Resources */ = {
			isa = PBXResourcesBuildPhase;
			buildActionMask = 2147483647;
			files = (
				8EACA9711F380294003134CA /* LaunchScreen.xib in Resources */,
				8EACA9721F380294003134CA /* Main.storyboard in Resources */,
				8EACA9731F380294003134CA /* Images.xcassets in Resources */,
			);
			runOnlyForDeploymentPostprocessing = 0;
		};
/* End PBXResourcesBuildPhase section */

/* Begin PBXShellScriptBuildPhase section */
		8EE3A3F81E6A0E470010BDCE /* SwiftLint */ = {
			isa = PBXShellScriptBuildPhase;
			alwaysOutOfDate = 1;
			buildActionMask = 2147483647;
			files = (
			);
			inputPaths = (
			);
			name = SwiftLint;
			outputPaths = (
			);
			runOnlyForDeploymentPostprocessing = 0;
			shellPath = /bin/sh;
			shellScript = "if which swiftlint >/dev/null; then\n  cd \"${SRCROOT}/..\" && swiftlint lint --config .swiftlint.yml\nelse\n  echo \"warning: SwiftLint not installed, download from https://github.com/realm/SwiftLint\"\nfi\n";
		};
/* End PBXShellScriptBuildPhase section */

/* Begin PBXSourcesBuildPhase section */
		8E3A6C001D07CB6F00A8B7CF /* Sources */ = {
			isa = PBXSourcesBuildPhase;
			buildActionMask = 2147483647;
			files = (
				8E1635A91E6A0B9C0060CE27 /* SirenTests.swift in Sources */,
			);
			runOnlyForDeploymentPostprocessing = 0;
		};
		8EC3917D1A58B465001C121E /* Sources */ = {
			isa = PBXSourcesBuildPhase;
			buildActionMask = 2147483647;
			files = (
				8EACA9741F38029B003134CA /* AppDelegate.swift in Sources */,
				8EACA9751F38029B003134CA /* ViewController.swift in Sources */,
			);
			runOnlyForDeploymentPostprocessing = 0;
		};
/* End PBXSourcesBuildPhase section */

/* Begin PBXTargetDependency section */
		8E3A6C0A1D07CB6F00A8B7CF /* PBXTargetDependency */ = {
			isa = PBXTargetDependency;
			target = 8EC391801A58B465001C121E /* Example */;
			targetProxy = 8E3A6C091D07CB6F00A8B7CF /* PBXContainerItemProxy */;
		};
/* End PBXTargetDependency section */

/* Begin PBXVariantGroup section */
		8EACA9671F37F2D3003134CA /* LaunchScreen.xib */ = {
			isa = PBXVariantGroup;
			children = (
				8EACA9681F37F2D3003134CA /* Base */,
			);
			name = LaunchScreen.xib;
			sourceTree = "<group>";
		};
		8EACA9691F37F2D3003134CA /* Main.storyboard */ = {
			isa = PBXVariantGroup;
			children = (
				8EACA96A1F37F2D3003134CA /* Base */,
			);
			name = Main.storyboard;
			sourceTree = "<group>";
		};
/* End PBXVariantGroup section */

/* Begin XCBuildConfiguration section */
		8E3A6C0B1D07CB6F00A8B7CF /* Debug */ = {
			isa = XCBuildConfiguration;
			buildSettings = {
				BUNDLE_LOADER = "$(TEST_HOST)";
				CLANG_ANALYZER_NONNULL = YES;
				DEBUG_INFORMATION_FORMAT = dwarf;
				GCC_NO_COMMON_BLOCKS = YES;
				GENERATE_INFOPLIST_FILE = YES;
				INFOPLIST_FILE = Tests/Info.plist;
				IPHONEOS_DEPLOYMENT_TARGET = 17.0;
				LD_RUNPATH_SEARCH_PATHS = (
					"$(inherited)",
					"@executable_path/Frameworks",
					"@loader_path/Frameworks",
				);
				PRODUCT_BUNDLE_IDENTIFIER = com.sabintsev.SirenTests;
				PRODUCT_NAME = "$(TARGET_NAME)";
				SWIFT_VERSION = 5.0;
				TEST_HOST = "$(BUILT_PRODUCTS_DIR)/Example.app/$(BUNDLE_EXECUTABLE_FOLDER_PATH)/Example";
			};
			name = Debug;
		};
		8E3A6C0C1D07CB6F00A8B7CF /* Release */ = {
			isa = XCBuildConfiguration;
			buildSettings = {
				BUNDLE_LOADER = "$(TEST_HOST)";
				CLANG_ANALYZER_NONNULL = YES;
				COPY_PHASE_STRIP = NO;
				DEBUG_INFORMATION_FORMAT = "dwarf-with-dsym";
				GCC_NO_COMMON_BLOCKS = YES;
				GENERATE_INFOPLIST_FILE = YES;
				INFOPLIST_FILE = Tests/Info.plist;
				IPHONEOS_DEPLOYMENT_TARGET = 17.0;
				LD_RUNPATH_SEARCH_PATHS = (
					"$(inherited)",
					"@executable_path/Frameworks",
					"@loader_path/Frameworks",
				);
				PRODUCT_BUNDLE_IDENTIFIER = com.sabintsev.SirenTests;
				PRODUCT_NAME = "$(TARGET_NAME)";
				SWIFT_OPTIMIZATION_LEVEL = "-O";
				SWIFT_VERSION = 5.0;
				TEST_HOST = "$(BUILT_PRODUCTS_DIR)/Example.app/$(BUNDLE_EXECUTABLE_FOLDER_PATH)/Example";
			};
			name = Release;
		};
		8EC3919E1A58B466001C121E /* Debug */ = {
			isa = XCBuildConfiguration;
			buildSettings = {
				ALWAYS_SEARCH_USER_PATHS = NO;
				CLANG_ENABLE_MODULES = YES;
				CLANG_ENABLE_OBJC_ARC = YES;
				CLANG_WARN_BLOCK_CAPTURE_AUTORELEASING = YES;
				CLANG_WARN_BOOL_CONVERSION = YES;
				CLANG_WARN_COMMA = YES;
				CLANG_WARN_CONSTANT_CONVERSION = YES;
				CLANG_WARN_DEPRECATED_OBJC_IMPLEMENTATIONS = YES;
				CLANG_WARN_DIRECT_OBJC_ISA_USAGE = YES_ERROR;
				CLANG_WARN_EMPTY_BODY = YES;
				CLANG_WARN_ENUM_CONVERSION = YES;
				CLANG_WARN_INFINITE_RECURSION = YES;
				CLANG_WARN_INT_CONVERSION = YES;
				CLANG_WARN_NON_LITERAL_NULL_CONVERSION = YES;
				CLANG_WARN_OBJC_IMPLICIT_RETAIN_SELF = YES;
				CLANG_WARN_OBJC_LITERAL_CONVERSION = YES;
				CLANG_WARN_OBJC_ROOT_CLASS = YES_ERROR;
				CLANG_WARN_QUOTED_INCLUDE_IN_FRAMEWORK_HEADER = YES;
				CLANG_WARN_RANGE_LOOP_ANALYSIS = YES;
				CLANG_WARN_STRICT_PROTOTYPES = YES;
				CLANG_WARN_SUSPICIOUS_MOVE = YES;
				CLANG_WARN_UNREACHABLE_CODE = YES;
				CLANG_WARN__DUPLICATE_METHOD_MATCH = YES;
				COPY_PHASE_STRIP = NO;
				DEBUG_INFORMATION_FORMAT = dwarf;
				ENABLE_STRICT_OBJC_MSGSEND = YES;
				ENABLE_TESTABILITY = YES;
				ENABLE_USER_SCRIPT_SANDBOXING = NO;
				GCC_C_LANGUAGE_STANDARD = gnu11;
				GCC_DYNAMIC_NO_PIC = NO;
				GCC_NO_COMMON_BLOCKS = YES;
				GCC_OPTIMIZATION_LEVEL = 0;
				GCC_PREPROCESSOR_DEFINITIONS = (
					"DEBUG=1",
					"$(inherited)",
				);
				GCC_WARN_64_TO_32_BIT_CONVERSION = YES;
				GCC_WARN_ABOUT_RETURN_TYPE = YES_ERROR;
				GCC_WARN_UNDECLARED_SELECTOR = YES;
				GCC_WARN_UNINITIALIZED_AUTOS = YES_AGGRESSIVE;
				GCC_WARN_UNUSED_FUNCTION = YES;
				GCC_WARN_UNUSED_VARIABLE = YES;
				IPHONEOS_DEPLOYMENT_TARGET = 17.0;
				MTL_ENABLE_DEBUG_INFO = INCLUDE_SOURCE;
				ONLY_ACTIVE_ARCH = YES;
				SDKROOT = iphoneos;
				SWIFT_ACTIVE_COMPILATION_CONDITIONS = DEBUG;
				SWIFT_OPTIMIZATION_LEVEL = "-Onone";
				SWIFT_VERSION = 5.0;
			};
			name = Debug;
		};
		8EC3919F1A58B466001C121E /* Release */ = {
			isa = XCBuildConfiguration;
			buildSettings = {
				ALWAYS_SEARCH_USER_PATHS = NO;
				CLANG_ENABLE_MODULES = YES;
				CLANG_ENABLE_OBJC_ARC = YES;
				CLANG_WARN_BLOCK_CAPTURE_AUTORELEASING = YES;
				CLANG_WARN_BOOL_CONVERSION = YES;
				CLANG_WARN_COMMA = YES;
				CLANG_WARN_CONSTANT_CONVERSION = YES;
				CLANG_WARN_DEPRECATED_OBJC_IMPLEMENTATIONS = YES;
				CLANG_WARN_DIRECT_OBJC_ISA_USAGE = YES_ERROR;
				CLANG_WARN_EMPTY_BODY = YES;
				CLANG_WARN_ENUM_CONVERSION = YES;
				CLANG_WARN_INFINITE_RECURSION = YES;
				CLANG_WARN_INT_CONVERSION = YES;
				CLANG_WARN_NON_LITERAL_NULL_CONVERSION = YES;
				CLANG_WARN_OBJC_IMPLICIT_RETAIN_SELF = YES;
				CLANG_WARN_OBJC_LITERAL_CONVERSION = YES;
				CLANG_WARN_OBJC_ROOT_CLASS = YES_ERROR;
				CLANG_WARN_QUOTED_INCLUDE_IN_FRAMEWORK_HEADER = YES;
				CLANG_WARN_RANGE_LOOP_ANALYSIS = YES;
				CLANG_WARN_STRICT_PROTOTYPES = YES;
				CLANG_WARN_SUSPICIOUS_MOVE = YES;
				CLANG_WARN_UNREACHABLE_CODE = YES;
				CLANG_WARN__DUPLICATE_METHOD_MATCH = YES;
				COPY_PHASE_STRIP = NO;
				DEBUG_INFORMATION_FORMAT = "dwarf-with-dsym";
				ENABLE_NS_ASSERTIONS = NO;
				ENABLE_STRICT_OBJC_MSGSEND = YES;
				ENABLE_USER_SCRIPT_SANDBOXING = NO;
				GCC_C_LANGUAGE_STANDARD = gnu11;
				GCC_NO_COMMON_BLOCKS = YES;
				GCC_WARN_64_TO_32_BIT_CONVERSION = YES;
				GCC_WARN_ABOUT_RETURN_TYPE = YES_ERROR;
				GCC_WARN_UNDECLARED_SELECTOR = YES;
				GCC_WARN_UNINITIALIZED_AUTOS = YES_AGGRESSIVE;
				GCC_WARN_UNUSED_FUNCTION = YES;
				GCC_WARN_UNUSED_VARIABLE = YES;
				IPHONEOS_DEPLOYMENT_TARGET = 17.0;
				MTL_ENABLE_DEBUG_INFO = NO;
				SDKROOT = iphoneos;
				SWIFT_COMPILATION_MODE = wholemodule;
				SWIFT_OPTIMIZATION_LEVEL = "-O";
				SWIFT_VERSION = 5.0;
				VALIDATE_PRODUCT = YES;
			};
			name = Release;
		};
		8EC391A11A58B466001C121E /* Debug */ = {
			isa = XCBuildConfiguration;
			buildSettings = {
				ASSETCATALOG_COMPILER_APPICON_NAME = AppIcon;
				CODE_SIGN_IDENTITY = "iPhone Developer";
				CODE_SIGN_STYLE = Automatic;
				CURRENT_PROJECT_VERSION = 1;
				DEVELOPMENT_TEAM = HT94948NDD;
				GENERATE_INFOPLIST_FILE = YES;
				INFOPLIST_FILE = "Example/Supporting Files/Info.plist";
				INFOPLIST_KEY_UILaunchStoryboardName = LaunchScreen;
				INFOPLIST_KEY_UIMainStoryboardFile = Main;
				IPHONEOS_DEPLOYMENT_TARGET = 17.0;
				LD_RUNPATH_SEARCH_PATHS = (
					"$(inherited)",
					"@executable_path/Frameworks",
				);
				MARKETING_VERSION = 2.0.2;
				PRODUCT_BUNDLE_IDENTIFIER = com.facebook.Facebook;
				PRODUCT_NAME = Example;
				SWIFT_EMIT_LOC_STRINGS = YES;
				SWIFT_VERSION = 5.0;
				TARGETED_DEVICE_FAMILY = "1,2";
			};
			name = Debug;
		};
		8EC391A21A58B466001C121E /* Release */ = {
			isa = XCBuildConfiguration;
			buildSettings = {
				ASSETCATALOG_COMPILER_APPICON_NAME = AppIcon;
				CODE_SIGN_IDENTITY = "iPhone Developer";
				CODE_SIGN_STYLE = Automatic;
				CURRENT_PROJECT_VERSION = 1;
				DEVELOPMENT_TEAM = HT94948NDD;
				GENERATE_INFOPLIST_FILE = YES;
				INFOPLIST_FILE = "Example/Supporting Files/Info.plist";
				INFOPLIST_KEY_UILaunchStoryboardName = LaunchScreen;
				INFOPLIST_KEY_UIMainStoryboardFile = Main;
				IPHONEOS_DEPLOYMENT_TARGET = 17.0;
				LD_RUNPATH_SEARCH_PATHS = (
					"$(inherited)",
					"@executable_path/Frameworks",
				);
				MARKETING_VERSION = 2.0.2;
				PRODUCT_BUNDLE_IDENTIFIER = com.facebook.Facebook;
				PRODUCT_NAME = Example;
				SWIFT_VERSION = 5.0;
				TARGETED_DEVICE_FAMILY = "1,2";
			};
			name = Release;
		};
/* End XCBuildConfiguration section */

/* Begin XCConfigurationList section */
		8E3A6C0D1D07CB6F00A8B7CF /* Build configuration list for PBXNativeTarget "Tests" */ = {
			isa = XCConfigurationList;
			buildConfigurations = (
				8E3A6C0B1D07CB6F00A8B7CF /* Debug */,
				8E3A6C0C1D07CB6F00A8B7CF /* Release */,
			);
			defaultConfigurationIsVisible = 0;
			defaultConfigurationName = Release;
		};
		8EC3917C1A58B465001C121E /* Build configuration list for PBXProject "Example" */ = {
			isa = XCConfigurationList;
			buildConfigurations = (
				8EC3919E1A58B466001C121E /* Debug */,
				8EC3919F1A58B466001C121E /* Release */,
			);
			defaultConfigurationIsVisible = 0;
			defaultConfigurationName = Release;
		};
		8EC391A01A58B466001C121E /* Build configuration list for PBXNativeTarget "Example" */ = {
			isa = XCConfigurationList;
			buildConfigurations = (
				8EC391A11A58B466001C121E /* Debug */,
				8EC391A21A58B466001C121E /* Release */,
			);
			defaultConfigurationIsVisible = 0;
			defaultConfigurationName = Release;
		};
/* End XCConfigurationList section */

/* Begin XCLocalSwiftPackageReference section */
		A10000000000000000000010 /* XCLocalSwiftPackageReference "../" */ = {
			isa = XCLocalSwiftPackageReference;
			relativePath = ../;
		};
/* End XCLocalSwiftPackageReference section */

/* Begin XCSwiftPackageProductDependency section */
		A10000000000000000000011 /* Siren */ = {
			isa = XCSwiftPackageProductDependency;
			package = A10000000000000000000010 /* XCLocalSwiftPackageReference "../" */;
			productName = Siren;
		};
		A10000000000000000000012 /* Siren */ = {
			isa = XCSwiftPackageProductDependency;
			package = A10000000000000000000010 /* XCLocalSwiftPackageReference "../" */;
			productName = Siren;
		};
/* End XCSwiftPackageProductDependency section */
	};
	rootObject = 8EC391791A58B465001C121E /* Project object */;
}
