// !$*UTF8*$!
{
	archiveVersion = 1;
	classes = {
	};
	objectVersion = 46;
	objects = {

/* Begin PBXBuildFile section */
		8EC391871A58B465001C121E /* AppDelegate.swift in Sources */ = {isa = PBXBuildFile; fileRef = 8EC391861A58B465001C121E /* AppDelegate.swift */; };
		8EC391891A58B465001C121E /* ViewController.swift in Sources */ = {isa = PBXBuildFile; fileRef = 8EC391881A58B465001C121E /* ViewController.swift */; };
		8EC3918C1A58B465001C121E /* Main.storyboard in Resources */ = {isa = PBXBuildFile; fileRef = 8EC3918A1A58B465001C121E /* Main.storyboard */; };
		8EC3918E1A58B465001C121E /* Images.xcassets in Resources */ = {isa = PBXBuildFile; fileRef = 8EC3918D1A58B465001C121E /* Images.xcassets */; };
		8EC391911A58B465001C121E /* LaunchScreen.xib in Resources */ = {isa = PBXBuildFile; fileRef = 8EC3918F1A58B465001C121E /* LaunchScreen.xib */; };
		8EC3919D1A58B466001C121E /* SirenTests.swift in Sources */ = {isa = PBXBuildFile; fileRef = 8EC3919C1A58B466001C121E /* SirenTests.swift */; };
		8EC391A71A58B4AA001C121E /* Siren.swift in Sources */ = {isa = PBXBuildFile; fileRef = 8EC391A61A58B4AA001C121E /* Siren.swift */; };
/* End PBXBuildFile section */

/* Begin PBXContainerItemProxy section */
		8EC391971A58B465001C121E /* PBXContainerItemProxy */ = {
			isa = PBXContainerItemProxy;
			containerPortal = 8EC391791A58B465001C121E /* Project object */;
			proxyType = 1;
			remoteGlobalIDString = 8EC391801A58B465001C121E;
			remoteInfo = Siren;
		};
/* End PBXContainerItemProxy section */

/* Begin PBXFileReference section */
		8EC391811A58B465001C121E /* Siren.app */ = {isa = PBXFileReference; explicitFileType = wrapper.application; includeInIndex = 0; path = Siren.app; sourceTree = BUILT_PRODUCTS_DIR; };
		8EC391851A58B465001C121E /* Info.plist */ = {isa = PBXFileReference; lastKnownFileType = text.plist.xml; path = Info.plist; sourceTree = "<group>"; };
		8EC391861A58B465001C121E /* AppDelegate.swift */ = {isa = PBXFileReference; lastKnownFileType = sourcecode.swift; path = AppDelegate.swift; sourceTree = "<group>"; };
		8EC391881A58B465001C121E /* ViewController.swift */ = {isa = PBXFileReference; lastKnownFileType = sourcecode.swift; path = ViewController.swift; sourceTree = "<group>"; };
		8EC3918B1A58B465001C121E /* Base */ = {isa = PBXFileReference; lastKnownFileType = file.storyboard; name = Base; path = Base.lproj/Main.storyboard; sourceTree = "<group>"; };
		8EC3918D1A58B465001C121E /* Images.xcassets */ = {isa = PBXFileReference; lastKnownFileType = folder.assetcatalog; path = Images.xcassets; sourceTree = "<group>"; };
		8EC391901A58B465001C121E /* Base */ = {isa = PBXFileReference; lastKnownFileType = file.xib; name = Base; path = Base.lproj/LaunchScreen.xib; sourceTree = "<group>"; };
		8EC391961A58B465001C121E /* SirenTests.xctest */ = {isa = PBXFileReference; explicitFileType = wrapper.cfbundle; includeInIndex = 0; path = SirenTests.xctest; sourceTree = BUILT_PRODUCTS_DIR; };
		8EC3919B1A58B466001C121E /* Info.plist */ = {isa = PBXFileReference; lastKnownFileType = text.plist.xml; path = Info.plist; sourceTree = "<group>"; };
		8EC3919C1A58B466001C121E /* SirenTests.swift */ = {isa = PBXFileReference; lastKnownFileType = sourcecode.swift; path = SirenTests.swift; sourceTree = "<group>"; };
		8EC391A61A58B4AA001C121E /* Siren.swift */ = {isa = PBXFileReference; fileEncoding = 4; lastKnownFileType = sourcecode.swift; path = Siren.swift; sourceTree = "<group>"; };
/* End PBXFileReference section */

/* Begin PBXFrameworksBuildPhase section */
		8EC3917E1A58B465001C121E /* Frameworks */ = {
			isa = PBXFrameworksBuildPhase;
			buildActionMask = 2147483647;
			files = (
			);
			runOnlyForDeploymentPostprocessing = 0;
		};
		8EC391931A58B465001C121E /* Frameworks */ = {
			isa = PBXFrameworksBuildPhase;
			buildActionMask = 2147483647;
			files = (
			);
			runOnlyForDeploymentPostprocessing = 0;
		};
/* End PBXFrameworksBuildPhase section */

/* Begin PBXGroup section */
		8EC391781A58B465001C121E = {
			isa = PBXGroup;
			children = (
				8EC391831A58B465001C121E /* Siren */,
				8EC391991A58B466001C121E /* SirenTests */,
				8EC391821A58B465001C121E /* Products */,
			);
			sourceTree = "<group>";
		};
		8EC391821A58B465001C121E /* Products */ = {
			isa = PBXGroup;
			children = (
				8EC391811A58B465001C121E /* Siren.app */,
				8EC391961A58B465001C121E /* SirenTests.xctest */,
			);
			name = Products;
			sourceTree = "<group>";
		};
		8EC391831A58B465001C121E /* Siren */ = {
			isa = PBXGroup;
			children = (
				8EC391861A58B465001C121E /* AppDelegate.swift */,
				8EC391A61A58B4AA001C121E /* Siren.swift */,
				8EC391881A58B465001C121E /* ViewController.swift */,
				8EC3918A1A58B465001C121E /* Main.storyboard */,
				8EC3918D1A58B465001C121E /* Images.xcassets */,
				8EC3918F1A58B465001C121E /* LaunchScreen.xib */,
				8EC391841A58B465001C121E /* Supporting Files */,
			);
			path = Siren;
			sourceTree = "<group>";
		};
		8EC391841A58B465001C121E /* Supporting Files */ = {
			isa = PBXGroup;
			children = (
				8EC391851A58B465001C121E /* Info.plist */,
			);
			name = "Supporting Files";
			sourceTree = "<group>";
		};
		8EC391991A58B466001C121E /* SirenTests */ = {
			isa = PBXGroup;
			children = (
				8EC3919C1A58B466001C121E /* SirenTests.swift */,
				8EC3919A1A58B466001C121E /* Supporting Files */,
			);
			path = SirenTests;
			sourceTree = "<group>";
		};
		8EC3919A1A58B466001C121E /* Supporting Files */ = {
			isa = PBXGroup;
			children = (
				8EC3919B1A58B466001C121E /* Info.plist */,
			);
			name = "Supporting Files";
			sourceTree = "<group>";
		};
/* End PBXGroup section */

/* Begin PBXNativeTarget section */
		8EC391801A58B465001C121E /* Siren */ = {
			isa = PBXNativeTarget;
			buildConfigurationList = 8EC391A01A58B466001C121E /* Build configuration list for PBXNativeTarget "Siren" */;
			buildPhases = (
				8EC3917D1A58B465001C121E /* Sources */,
				8EC3917E1A58B465001C121E /* Frameworks */,
				8EC3917F1A58B465001C121E /* Resources */,
			);
			buildRules = (
			);
			dependencies = (
			);
			name = Siren;
			productName = Siren;
			productReference = 8EC391811A58B465001C121E /* Siren.app */;
			productType = "com.apple.product-type.application";
		};
		8EC391951A58B465001C121E /* SirenTests */ = {
			isa = PBXNativeTarget;
			buildConfigurationList = 8EC391A31A58B466001C121E /* Build configuration list for PBXNativeTarget "SirenTests" */;
			buildPhases = (
				8EC391921A58B465001C121E /* Sources */,
				8EC391931A58B465001C121E /* Frameworks */,
				8EC391941A58B465001C121E /* Resources */,
			);
			buildRules = (
			);
			dependencies = (
				8EC391981A58B465001C121E /* PBXTargetDependency */,
			);
			name = SirenTests;
			productName = SirenTests;
			productReference = 8EC391961A58B465001C121E /* SirenTests.xctest */;
			productType = "com.apple.product-type.bundle.unit-test";
		};
/* End PBXNativeTarget section */

/* Begin PBXProject section */
		8EC391791A58B465001C121E /* Project object */ = {
			isa = PBXProject;
			attributes = {
				LastUpgradeCheck = 0610;
				ORGANIZATIONNAME = "Sabintsev iOS Projects";
				TargetAttributes = {
					8EC391801A58B465001C121E = {
						CreatedOnToolsVersion = 6.1.1;
					};
					8EC391951A58B465001C121E = {
						CreatedOnToolsVersion = 6.1.1;
						TestTargetID = 8EC391801A58B465001C121E;
					};
				};
			};
			buildConfigurationList = 8EC3917C1A58B465001C121E /* Build configuration list for PBXProject "Siren" */;
			compatibilityVersion = "Xcode 3.2";
			developmentRegion = English;
			hasScannedForEncodings = 0;
			knownRegions = (
				en,
				Base,
			);
			mainGroup = 8EC391781A58B465001C121E;
			productRefGroup = 8EC391821A58B465001C121E /* Products */;
			projectDirPath = "";
			projectRoot = "";
			targets = (
				8EC391801A58B465001C121E /* Siren */,
				8EC391951A58B465001C121E /* SirenTests */,
			);
		};
/* End PBXProject section */

/* Begin PBXResourcesBuildPhase section */
		8EC3917F1A58B465001C121E /* Resources */ = {
			isa = PBXResourcesBuildPhase;
			buildActionMask = 2147483647;
			files = (
				8EC3918C1A58B465001C121E /* Main.storyboard in Resources */,
				8EC391911A58B465001C121E /* LaunchScreen.xib in Resources */,
				8EC3918E1A58B465001C121E /* Images.xcassets in Resources */,
			);
			runOnlyForDeploymentPostprocessing = 0;
		};
		8EC391941A58B465001C121E /* Resources */ = {
			isa = PBXResourcesBuildPhase;
			buildActionMask = 2147483647;
			files = (
			);
			runOnlyForDeploymentPostprocessing = 0;
		};
/* End PBXResourcesBuildPhase section */

/* Begin PBXSourcesBuildPhase section */
		8EC3917D1A58B465001C121E /* Sources */ = {
			isa = PBXSourcesBuildPhase;
			buildActionMask = 2147483647;
			files = (
				8EC391891A58B465001C121E /* ViewController.swift in Sources */,
				8EC391A71A58B4AA001C121E /* Siren.swift in Sources */,
				8EC391871A58B465001C121E /* AppDelegate.swift in Sources */,
			);
			runOnlyForDeploymentPostprocessing = 0;
		};
		8EC391921A58B465001C121E /* Sources */ = {
			isa = PBXSourcesBuildPhase;
			buildActionMask = 2147483647;
			files = (
				8EC3919D1A58B466001C121E /* SirenTests.swift in Sources */,
			);
			runOnlyForDeploymentPostprocessing = 0;
		};
/* End PBXSourcesBuildPhase section */

/* Begin PBXTargetDependency section */
		8EC391981A58B465001C121E /* PBXTargetDependency */ = {
			isa = PBXTargetDependency;
			target = 8EC391801A58B465001C121E /* Siren */;
			targetProxy = 8EC391971A58B465001C121E /* PBXContainerItemProxy */;
		};
/* End PBXTargetDependency section */

/* Begin PBXVariantGroup section */
		8EC3918A1A58B465001C121E /* Main.storyboard */ = {
			isa = PBXVariantGroup;
			children = (
				8EC3918B1A58B465001C121E /* Base */,
			);
			name = Main.storyboard;
			sourceTree = "<group>";
		};
		8EC3918F1A58B465001C121E /* LaunchScreen.xib */ = {
			isa = PBXVariantGroup;
			children = (
				8EC391901A58B465001C121E /* Base */,
			);
			name = LaunchScreen.xib;
			sourceTree = "<group>";
		};
/* End PBXVariantGroup section */

/* Begin XCBuildConfiguration section */
		8EC3919E1A58B466001C121E /* Debug */ = {
			isa = XCBuildConfiguration;
			buildSettings = {
				ALWAYS_SEARCH_USER_PATHS = NO;
				CLANG_CXX_LANGUAGE_STANDARD = "gnu++0x";
				CLANG_CXX_LIBRARY = "libc++";
				CLANG_ENABLE_MODULES = YES;
				CLANG_ENABLE_OBJC_ARC = YES;
				CLANG_WARN_BOOL_CONVERSION = YES;
				CLANG_WARN_CONSTANT_CONVERSION = YES;
				CLANG_WARN_DIRECT_OBJC_ISA_USAGE = YES_ERROR;
				CLANG_WARN_EMPTY_BODY = YES;
				CLANG_WARN_ENUM_CONVERSION = YES;
				CLANG_WARN_INT_CONVERSION = YES;
				CLANG_WARN_OBJC_ROOT_CLASS = YES_ERROR;
				CLANG_WARN_UNREACHABLE_CODE = YES;
				CLANG_WARN__DUPLICATE_METHOD_MATCH = YES;
				"CODE_SIGN_IDENTITY[sdk=iphoneos*]" = "iPhone Developer";
				COPY_PHASE_STRIP = NO;
				ENABLE_STRICT_OBJC_MSGSEND = YES;
				GCC_C_LANGUAGE_STANDARD = gnu99;
				GCC_DYNAMIC_NO_PIC = NO;
				GCC_OPTIMIZATION_LEVEL = 0;
				GCC_PREPROCESSOR_DEFINITIONS = (
					"DEBUG=1",
					"$(inherited)",
				);
				GCC_SYMBOLS_PRIVATE_EXTERN = NO;
				GCC_WARN_64_TO_32_BIT_CONVERSION = YES;
				GCC_WARN_ABOUT_RETURN_TYPE = YES_ERROR;
				GCC_WARN_UNDECLARED_SELECTOR = YES;
				GCC_WARN_UNINITIALIZED_AUTOS = YES_AGGRESSIVE;
				GCC_WARN_UNUSED_FUNCTION = YES;
				GCC_WARN_UNUSED_VARIABLE = YES;
				IPHONEOS_DEPLOYMENT_TARGET = 8.1;
				MTL_ENABLE_DEBUG_INFO = YES;
				ONLY_ACTIVE_ARCH = YES;
				SDKROOT = iphoneos;
				SWIFT_OPTIMIZATION_LEVEL = "-Onone";
			};
			name = Debug;
		};
		8EC3919F1A58B466001C121E /* Release */ = {
			isa = XCBuildConfiguration;
			buildSettings = {
				ALWAYS_SEARCH_USER_PATHS = NO;
				CLANG_CXX_LANGUAGE_STANDARD = "gnu++0x";
				CLANG_CXX_LIBRARY = "libc++";
				CLANG_ENABLE_MODULES = YES;
				CLANG_ENABLE_OBJC_ARC = YES;
				CLANG_WARN_BOOL_CONVERSION = YES;
				CLANG_WARN_CONSTANT_CONVERSION = YES;
				CLANG_WARN_DIRECT_OBJC_ISA_USAGE = YES_ERROR;
				CLANG_WARN_EMPTY_BODY = YES;
				CLANG_WARN_ENUM_CONVERSION = YES;
				CLANG_WARN_INT_CONVERSION = YES;
				CLANG_WARN_OBJC_ROOT_CLASS = YES_ERROR;
				CLANG_WARN_UNREACHABLE_CODE = YES;
				CLANG_WARN__DUPLICATE_METHOD_MATCH = YES;
				"CODE_SIGN_IDENTITY[sdk=iphoneos*]" = "iPhone Developer";
				COPY_PHASE_STRIP = YES;
				ENABLE_NS_ASSERTIONS = NO;
				ENABLE_STRICT_OBJC_MSGSEND = YES;
				GCC_C_LANGUAGE_STANDARD = gnu99;
				GCC_WARN_64_TO_32_BIT_CONVERSION = YES;
				GCC_WARN_ABOUT_RETURN_TYPE = YES_ERROR;
				GCC_WARN_UNDECLARED_SELECTOR = YES;
				GCC_WARN_UNINITIALIZED_AUTOS = YES_AGGRESSIVE;
				GCC_WARN_UNUSED_FUNCTION = YES;
				GCC_WARN_UNUSED_VARIABLE = YES;
				IPHONEOS_DEPLOYMENT_TARGET = 8.1;
				MTL_ENABLE_DEBUG_INFO = NO;
				SDKROOT = iphoneos;
				VALIDATE_PRODUCT = YES;
			};
			name = Release;
		};
		8EC391A11A58B466001C121E /* Debug */ = {
			isa = XCBuildConfiguration;
			buildSettings = {
				ASSETCATALOG_COMPILER_APPICON_NAME = AppIcon;
				INFOPLIST_FILE = Siren/Info.plist;
				LD_RUNPATH_SEARCH_PATHS = "$(inherited) @executable_path/Frameworks";
				PRODUCT_NAME = "$(TARGET_NAME)";
			};
			name = Debug;
		};
		8EC391A21A58B466001C121E /* Release */ = {
			isa = XCBuildConfiguration;
			buildSettings = {
				ASSETCATALOG_COMPILER_APPICON_NAME = AppIcon;
				INFOPLIST_FILE = Siren/Info.plist;
				LD_RUNPATH_SEARCH_PATHS = "$(inherited) @executable_path/Frameworks";
				PRODUCT_NAME = "$(TARGET_NAME)";
			};
			name = Release;
		};
		8EC391A41A58B466001C121E /* Debug */ = {
			isa = XCBuildConfiguration;
			buildSettings = {
				BUNDLE_LOADER = "$(TEST_HOST)";
				FRAMEWORK_SEARCH_PATHS = (
					"$(SDKROOT)/Developer/Library/Frameworks",
					"$(inherited)",
				);
				GCC_PREPROCESSOR_DEFINITIONS = (
					"DEBUG=1",
					"$(inherited)",
				);
				INFOPLIST_FILE = SirenTests/Info.plist;
				LD_RUNPATH_SEARCH_PATHS = "$(inherited) @executable_path/Frameworks @loader_path/Frameworks";
				PRODUCT_NAME = "$(TARGET_NAME)";
				TEST_HOST = "$(BUILT_PRODUCTS_DIR)/Siren.app/Siren";
			};
			name = Debug;
		};
		8EC391A51A58B466001C121E /* Release */ = {
			isa = XCBuildConfiguration;
			buildSettings = {
				BUNDLE_LOADER = "$(TEST_HOST)";
				FRAMEWORK_SEARCH_PATHS = (
					"$(SDKROOT)/Developer/Library/Frameworks",
					"$(inherited)",
				);
				INFOPLIST_FILE = SirenTests/Info.plist;
				LD_RUNPATH_SEARCH_PATHS = "$(inherited) @executable_path/Frameworks @loader_path/Frameworks";
				PRODUCT_NAME = "$(TARGET_NAME)";
				TEST_HOST = "$(BUILT_PRODUCTS_DIR)/Siren.app/Siren";
			};
			name = Release;
		};
/* End XCBuildConfiguration section */

/* Begin XCConfigurationList section */
		8EC3917C1A58B465001C121E /* Build configuration list for PBXProject "Siren" */ = {
			isa = XCConfigurationList;
			buildConfigurations = (
				8EC3919E1A58B466001C121E /* Debug */,
				8EC3919F1A58B466001C121E /* Release */,
			);
			defaultConfigurationIsVisible = 0;
			defaultConfigurationName = Release;
		};
		8EC391A01A58B466001C121E /* Build configuration list for PBXNativeTarget "Siren" */ = {
			isa = XCConfigurationList;
			buildConfigurations = (
				8EC391A11A58B466001C121E /* Debug */,
				8EC391A21A58B466001C121E /* Release */,
			);
			defaultConfigurationIsVisible = 0;
		};
		8EC391A31A58B466001C121E /* Build configuration list for PBXNativeTarget "SirenTests" */ = {
			isa = XCConfigurationList;
			buildConfigurations = (
				8EC391A41A58B466001C121E /* Debug */,
				8EC391A51A58B466001C121E /* Release */,
			);
			defaultConfigurationIsVisible = 0;
		};
/* End XCConfigurationList section */
	};
	rootObject = 8EC391791A58B465001C121E /* Project object */;
}
