// !$*UTF8*$!
{
	archiveVersion = 1;
	classes = {
	};
	objectVersion = 46;
	objects = {

/* Begin PBXBuildFile section */
		8E1005E71A5DD02300509B14 /* AppDelegate.swift in Sources */ = {isa = PBXBuildFile; fileRef = 8E1005DF1A5DD02300509B14 /* AppDelegate.swift */; };
		8E1005E81A5DD02300509B14 /* LaunchScreen.xib in Resources */ = {isa = PBXBuildFile; fileRef = 8E1005E01A5DD02300509B14 /* LaunchScreen.xib */; };
		8E1005E91A5DD02300509B14 /* Main.storyboard in Resources */ = {isa = PBXBuildFile; fileRef = 8E1005E21A5DD02300509B14 /* Main.storyboard */; };
		8E1005EA1A5DD02300509B14 /* Images.xcassets in Resources */ = {isa = PBXBuildFile; fileRef = 8E1005E41A5DD02300509B14 /* Images.xcassets */; };
		8E1005EC1A5DD02300509B14 /* ViewController.swift in Sources */ = {isa = PBXBuildFile; fileRef = 8E1005E61A5DD02300509B14 /* ViewController.swift */; };
		8E1005F01A5DD04500509B14 /* Siren.bundle in Resources */ = {isa = PBXBuildFile; fileRef = 8E1005EE1A5DD04500509B14 /* Siren.bundle */; };
		8E1005F11A5DD04500509B14 /* Siren.swift in Sources */ = {isa = PBXBuildFile; fileRef = 8E1005EF1A5DD04500509B14 /* Siren.swift */; };
/* End PBXBuildFile section */

/* Begin PBXFileReference section */
		8E1005DF1A5DD02300509B14 /* AppDelegate.swift */ = {isa = PBXFileReference; fileEncoding = 4; lastKnownFileType = sourcecode.swift; path = AppDelegate.swift; sourceTree = "<group>"; };
		8E1005E11A5DD02300509B14 /* Base */ = {isa = PBXFileReference; lastKnownFileType = file.xib; name = Base; path = Base.lproj/LaunchScreen.xib; sourceTree = "<group>"; };
		8E1005E31A5DD02300509B14 /* Base */ = {isa = PBXFileReference; lastKnownFileType = file.storyboard; name = Base; path = Base.lproj/Main.storyboard; sourceTree = "<group>"; };
		8E1005E41A5DD02300509B14 /* Images.xcassets */ = {isa = PBXFileReference; lastKnownFileType = folder.assetcatalog; path = Images.xcassets; sourceTree = "<group>"; };
		8E1005E51A5DD02300509B14 /* Info.plist */ = {isa = PBXFileReference; fileEncoding = 4; lastKnownFileType = text.plist.xml; path = Info.plist; sourceTree = "<group>"; };
		8E1005E61A5DD02300509B14 /* ViewController.swift */ = {isa = PBXFileReference; fileEncoding = 4; lastKnownFileType = sourcecode.swift; path = ViewController.swift; sourceTree = "<group>"; };
		8E1005EE1A5DD04500509B14 /* Siren.bundle */ = {isa = PBXFileReference; lastKnownFileType = "wrapper.plug-in"; path = Siren.bundle; sourceTree = "<group>"; };
		8E1005EF1A5DD04500509B14 /* Siren.swift */ = {isa = PBXFileReference; fileEncoding = 4; lastKnownFileType = sourcecode.swift; path = Siren.swift; sourceTree = "<group>"; };
		8EC391811A58B465001C121E /* Sample App.app */ = {isa = PBXFileReference; explicitFileType = wrapper.application; includeInIndex = 0; path = "Sample App.app"; sourceTree = BUILT_PRODUCTS_DIR; };
/* End PBXFileReference section */

/* Begin PBXFrameworksBuildPhase section */
		8EC3917E1A58B465001C121E /* Frameworks */ = {
			isa = PBXFrameworksBuildPhase;
			buildActionMask = 2147483647;
			files = (
			);
			runOnlyForDeploymentPostprocessing = 0;
		};
/* End PBXFrameworksBuildPhase section */

/* Begin PBXGroup section */
		8E1005DE1A5DD02300509B14 /* Sample App */ = {
			isa = PBXGroup;
			children = (
				8E1005ED1A5DD04500509B14 /* Siren */,
				8E1005DF1A5DD02300509B14 /* AppDelegate.swift */,
				8E1005E61A5DD02300509B14 /* ViewController.swift */,
				8E1005E01A5DD02300509B14 /* LaunchScreen.xib */,
				8E1005E21A5DD02300509B14 /* Main.storyboard */,
				8E1005E51A5DD02300509B14 /* Info.plist */,
				8E1005E41A5DD02300509B14 /* Images.xcassets */,
			);
			path = "Sample App";
			sourceTree = "<group>";
		};
		8E1005ED1A5DD04500509B14 /* Siren */ = {
			isa = PBXGroup;
			children = (
				8E1005EE1A5DD04500509B14 /* Siren.bundle */,
				8E1005EF1A5DD04500509B14 /* Siren.swift */,
			);
			name = Siren;
			path = ../../Siren;
			sourceTree = "<group>";
		};
		8EC391781A58B465001C121E = {
			isa = PBXGroup;
			children = (
				8E1005DE1A5DD02300509B14 /* Sample App */,
				8EC391821A58B465001C121E /* Products */,
			);
			sourceTree = "<group>";
		};
		8EC391821A58B465001C121E /* Products */ = {
			isa = PBXGroup;
			children = (
				8EC391811A58B465001C121E /* Sample App.app */,
			);
			name = Products;
			sourceTree = "<group>";
		};
/* End PBXGroup section */

/* Begin PBXNativeTarget section */
		8EC391801A58B465001C121E /* Sample App */ = {
			isa = PBXNativeTarget;
			buildConfigurationList = 8EC391A01A58B466001C121E /* Build configuration list for PBXNativeTarget "Sample App" */;
			buildPhases = (
				8EC3917D1A58B465001C121E /* Sources */,
				8EC3917E1A58B465001C121E /* Frameworks */,
				8EC3917F1A58B465001C121E /* Resources */,
			);
			buildRules = (
			);
			dependencies = (
			);
			name = "Sample App";
			productName = Siren;
			productReference = 8EC391811A58B465001C121E /* Sample App.app */;
			productType = "com.apple.product-type.application";
		};
/* End PBXNativeTarget section */

/* Begin PBXProject section */
		8EC391791A58B465001C121E /* Project object */ = {
			isa = PBXProject;
			attributes = {
				LastUpgradeCheck = 0610;
				ORGANIZATIONNAME = "Sabintsev iOS Projects";
				TargetAttributes = {
					8EC391801A58B465001C121E = {
						CreatedOnToolsVersion = 6.1.1;
					};
				};
			};
			buildConfigurationList = 8EC3917C1A58B465001C121E /* Build configuration list for PBXProject "Sample App" */;
			compatibilityVersion = "Xcode 3.2";
			developmentRegion = English;
			hasScannedForEncodings = 0;
			knownRegions = (
				en,
				Base,
			);
			mainGroup = 8EC391781A58B465001C121E;
			productRefGroup = 8EC391821A58B465001C121E /* Products */;
			projectDirPath = "";
			projectRoot = "";
			targets = (
				8EC391801A58B465001C121E /* Sample App */,
			);
		};
/* End PBXProject section */

/* Begin PBXResourcesBuildPhase section */
		8EC3917F1A58B465001C121E /* Resources */ = {
			isa = PBXResourcesBuildPhase;
			buildActionMask = 2147483647;
			files = (
				8E1005F01A5DD04500509B14 /* Siren.bundle in Resources */,
				8E1005EA1A5DD02300509B14 /* Images.xcassets in Resources */,
				8E1005E81A5DD02300509B14 /* LaunchScreen.xib in Resources */,
				8E1005E91A5DD02300509B14 /* Main.storyboard in Resources */,
			);
			runOnlyForDeploymentPostprocessing = 0;
		};
/* End PBXResourcesBuildPhase section */

/* Begin PBXSourcesBuildPhase section */
		8EC3917D1A58B465001C121E /* Sources */ = {
			isa = PBXSourcesBuildPhase;
			buildActionMask = 2147483647;
			files = (
				8E1005EC1A5DD02300509B14 /* ViewController.swift in Sources */,
				8E1005F11A5DD04500509B14 /* Siren.swift in Sources */,
				8E1005E71A5DD02300509B14 /* AppDelegate.swift in Sources */,
			);
			runOnlyForDeploymentPostprocessing = 0;
		};
/* End PBXSourcesBuildPhase section */

/* Begin PBXVariantGroup section */
		8E1005E01A5DD02300509B14 /* LaunchScreen.xib */ = {
			isa = PBXVariantGroup;
			children = (
				8E1005E11A5DD02300509B14 /* Base */,
			);
			name = LaunchScreen.xib;
			sourceTree = "<group>";
		};
		8E1005E21A5DD02300509B14 /* Main.storyboard */ = {
			isa = PBXVariantGroup;
			children = (
				8E1005E31A5DD02300509B14 /* Base */,
			);
			name = Main.storyboard;
			sourceTree = "<group>";
		};
/* End PBXVariantGroup section */

/* Begin XCBuildConfiguration section */
		8EC3919E1A58B466001C121E /* Debug */ = {
			isa = XCBuildConfiguration;
			buildSettings = {
				ALWAYS_SEARCH_USER_PATHS = NO;
				CLANG_CXX_LANGUAGE_STANDARD = "gnu++0x";
				CLANG_CXX_LIBRARY = "libc++";
				CLANG_ENABLE_MODULES = YES;
				CLANG_ENABLE_OBJC_ARC = YES;
				CLANG_WARN_BOOL_CONVERSION = YES;
				CLANG_WARN_CONSTANT_CONVERSION = YES;
				CLANG_WARN_DIRECT_OBJC_ISA_USAGE = YES_ERROR;
				CLANG_WARN_EMPTY_BODY = YES;
				CLANG_WARN_ENUM_CONVERSION = YES;
				CLANG_WARN_INT_CONVERSION = YES;
				CLANG_WARN_OBJC_ROOT_CLASS = YES_ERROR;
				CLANG_WARN_UNREACHABLE_CODE = YES;
				CLANG_WARN__DUPLICATE_METHOD_MATCH = YES;
				"CODE_SIGN_IDENTITY[sdk=iphoneos*]" = "iPhone Developer";
				COPY_PHASE_STRIP = NO;
				ENABLE_STRICT_OBJC_MSGSEND = YES;
				GCC_C_LANGUAGE_STANDARD = gnu99;
				GCC_DYNAMIC_NO_PIC = NO;
				GCC_OPTIMIZATION_LEVEL = 0;
				GCC_PREPROCESSOR_DEFINITIONS = (
					"DEBUG=1",
					"$(inherited)",
				);
				GCC_SYMBOLS_PRIVATE_EXTERN = NO;
				GCC_WARN_64_TO_32_BIT_CONVERSION = YES;
				GCC_WARN_ABOUT_RETURN_TYPE = YES_ERROR;
				GCC_WARN_UNDECLARED_SELECTOR = YES;
				GCC_WARN_UNINITIALIZED_AUTOS = YES_AGGRESSIVE;
				GCC_WARN_UNUSED_FUNCTION = YES;
				GCC_WARN_UNUSED_VARIABLE = YES;
				IPHONEOS_DEPLOYMENT_TARGET = 8.1;
				MTL_ENABLE_DEBUG_INFO = YES;
				ONLY_ACTIVE_ARCH = YES;
				SDKROOT = iphoneos;
				SWIFT_OPTIMIZATION_LEVEL = "-Onone";
			};
			name = Debug;
		};
		8EC3919F1A58B466001C121E /* Release */ = {
			isa = XCBuildConfiguration;
			buildSettings = {
				ALWAYS_SEARCH_USER_PATHS = NO;
				CLANG_CXX_LANGUAGE_STANDARD = "gnu++0x";
				CLANG_CXX_LIBRARY = "libc++";
				CLANG_ENABLE_MODULES = YES;
				CLANG_ENABLE_OBJC_ARC = YES;
				CLANG_WARN_BOOL_CONVERSION = YES;
				CLANG_WARN_CONSTANT_CONVERSION = YES;
				CLANG_WARN_DIRECT_OBJC_ISA_USAGE = YES_ERROR;
				CLANG_WARN_EMPTY_BODY = YES;
				CLANG_WARN_ENUM_CONVERSION = YES;
				CLANG_WARN_INT_CONVERSION = YES;
				CLANG_WARN_OBJC_ROOT_CLASS = YES_ERROR;
				CLANG_WARN_UNREACHABLE_CODE = YES;
				CLANG_WARN__DUPLICATE_METHOD_MATCH = YES;
				"CODE_SIGN_IDENTITY[sdk=iphoneos*]" = "iPhone Developer";
				COPY_PHASE_STRIP = YES;
				ENABLE_NS_ASSERTIONS = NO;
				ENABLE_STRICT_OBJC_MSGSEND = YES;
				GCC_C_LANGUAGE_STANDARD = gnu99;
				GCC_WARN_64_TO_32_BIT_CONVERSION = YES;
				GCC_WARN_ABOUT_RETURN_TYPE = YES_ERROR;
				GCC_WARN_UNDECLARED_SELECTOR = YES;
				GCC_WARN_UNINITIALIZED_AUTOS = YES_AGGRESSIVE;
				GCC_WARN_UNUSED_FUNCTION = YES;
				GCC_WARN_UNUSED_VARIABLE = YES;
				IPHONEOS_DEPLOYMENT_TARGET = 8.1;
				MTL_ENABLE_DEBUG_INFO = NO;
				SDKROOT = iphoneos;
				VALIDATE_PRODUCT = YES;
			};
			name = Release;
		};
		8EC391A11A58B466001C121E /* Debug */ = {
			isa = XCBuildConfiguration;
			buildSettings = {
				ASSETCATALOG_COMPILER_APPICON_NAME = AppIcon;
				INFOPLIST_FILE = "$(SRCROOT)/Sample App/Info.plist";
				IPHONEOS_DEPLOYMENT_TARGET = 8.3;
				LD_RUNPATH_SEARCH_PATHS = "$(inherited) @executable_path/Frameworks";
				PRODUCT_NAME = "Sample App";
			};
			name = Debug;
		};
		8EC391A21A58B466001C121E /* Release */ = {
			isa = XCBuildConfiguration;
			buildSettings = {
				ASSETCATALOG_COMPILER_APPICON_NAME = AppIcon;
				INFOPLIST_FILE = "$(SRCROOT)/Sample App/Info.plist";
				IPHONEOS_DEPLOYMENT_TARGET = 8.3;
				LD_RUNPATH_SEARCH_PATHS = "$(inherited) @executable_path/Frameworks";
				PRODUCT_NAME = "Sample App";
			};
			name = Release;
		};
/* End XCBuildConfiguration section */

/* Begin XCConfigurationList section */
		8EC3917C1A58B465001C121E /* Build configuration list for PBXProject "Sample App" */ = {
			isa = XCConfigurationList;
			buildConfigurations = (
				8EC3919E1A58B466001C121E /* Debug */,
				8EC3919F1A58B466001C121E /* Release */,
			);
			defaultConfigurationIsVisible = 0;
			defaultConfigurationName = Release;
		};
		8EC391A01A58B466001C121E /* Build configuration list for PBXNativeTarget "Sample App" */ = {
			isa = XCConfigurationList;
			buildConfigurations = (
				8EC391A11A58B466001C121E /* Debug */,
				8EC391A21A58B466001C121E /* Release */,
			);
			defaultConfigurationIsVisible = 0;
			defaultConfigurationName = Release;
		};
/* End XCConfigurationList section */
	};
	rootObject = 8EC391791A58B465001C121E /* Project object */;
}
